PODS:
  - LoremIpsum (1.0.0)
  - NoChat (0.3.0)
  - pop (1.0.9)
  - YYText (1.0.7)

DEPENDENCIES:
  - LoremIpsum
  - NoChat (from `../../`)
  - pop
  - YYText

EXTERNAL SOURCES:
  NoChat:
    :path: "../../"

SPEC CHECKSUMS:
  LoremIpsum: 9029c55d36501b2ee0b05cc9ecda11d3a0479160
  NoChat: dcf284bca854ff105335ef652f55706a57e31671
  pop: f667631a5108a2e60d9e8797c9b32ddaf2080bce
  YYText: 5c461d709e24d55a182d1441c41dc639a18a4849

PODFILE CHECKSUM: 7c39a94617da8a405d281b7c8c3a29f70705f976

COCOAPODS: 1.2.0.beta.1
