PODS:
  - HPGrowingTextView (1.1)
  - NoChat (0.3.2)
  - NOCProtoKit (0.3.2)
  - YYText (1.0.7)

DEPENDENCIES:
  - HPGrowingTextView
  - NoChat (from `../../`)
  - NOCProtoKit (from `../`)
  - YYText

EXTERNAL SOURCES:
  NoChat:
    :path: "../../"
  NOCProtoKit:
    :path: "../"

SPEC CHECKSUMS:
  HPGrowingTextView: 88a716d97fb853bcb08a4a08e4727da17efc9b19
  NoChat: aaa980b8b29c0db8c8bd8ecde22e718cc8ad1bf7
  NOCProtoKit: 1eed77c8f171953c6632fbad8bc1d6f6ebf6b718
  YYText: 5c461d709e24d55a182d1441c41dc639a18a4849

PODFILE CHECKSUM: 3c9b3073cdf744f412e0997bff3f6e9d5f837b40

COCOAPODS: 1.2.0.beta.1
