// !$*UTF8*$!
{
	archiveVersion = 1;
	classes = {
	};
	objectVersion = 46;
	objects = {

/* Begin PBXBuildFile section */
		83CD7532BDEA6D79BA11FEA2 /* Pods_NoChat_Swift_Example.framework in Frameworks */ = {isa = PBXBuildFile; fileRef = F2086D5A65816BB8659D62B9 /* Pods_NoChat_Swift_Example.framework */; };
		E018A54B1E4A0F680034B376 /* AppDelegate.swift in Sources */ = {isa = PBXBuildFile; fileRef = E018A54A1E4A0F680034B376 /* AppDelegate.swift */; };
		E018A5501E4A0F680034B376 /* Main.storyboard in Resources */ = {isa = PBXBuildFile; fileRef = E018A54E1E4A0F680034B376 /* Main.storyboard */; };
		E018A5521E4A0F680034B376 /* Assets.xcassets in Resources */ = {isa = PBXBuildFile; fileRef = E018A5511E4A0F680034B376 /* Assets.xcassets */; };
		E018A5551E4A0F680034B376 /* LaunchScreen.storyboard in Resources */ = {isa = PBXBuildFile; fileRef = E018A5531E4A0F680034B376 /* LaunchScreen.storyboard */; };
		E018A5661E4A121E0034B376 /* notification.caf in Resources */ = {isa = PBXBuildFile; fileRef = E018A5641E4A121E0034B376 /* notification.caf */; };
		E018A5671E4A121E0034B376 /* sent.caf in Resources */ = {isa = PBXBuildFile; fileRef = E018A5651E4A121E0034B376 /* sent.caf */; };
		E018A5691E4A18F10034B376 /* MessageManager.swift in Sources */ = {isa = PBXBuildFile; fileRef = E018A5681E4A18F10034B376 /* MessageManager.swift */; };
		E018A56B1E4A19040034B376 /* SoundManager.swift in Sources */ = {isa = PBXBuildFile; fileRef = E018A56A1E4A19040034B376 /* SoundManager.swift */; };
		E018A56D1E4A19260034B376 /* UIFont+NoChat.swift in Sources */ = {isa = PBXBuildFile; fileRef = E018A56C1E4A19260034B376 /* UIFont+NoChat.swift */; };
		E018A56F1E4A19370034B376 /* NSAttributedString+NoChat.swift in Sources */ = {isa = PBXBuildFile; fileRef = E018A56E1E4A19370034B376 /* NSAttributedString+NoChat.swift */; };
		E018A5711E4A19480034B376 /* User.swift in Sources */ = {isa = PBXBuildFile; fileRef = E018A5701E4A19480034B376 /* User.swift */; };
		E018A5731E4A195B0034B376 /* Chat.swift in Sources */ = {isa = PBXBuildFile; fileRef = E018A5721E4A195B0034B376 /* Chat.swift */; };
		E018A5751E4A196B0034B376 /* Message.swift in Sources */ = {isa = PBXBuildFile; fileRef = E018A5741E4A196B0034B376 /* Message.swift */; };
		E018A5771E4A197D0034B376 /* ChatsViewController.swift in Sources */ = {isa = PBXBuildFile; fileRef = E018A5761E4A197D0034B376 /* ChatsViewController.swift */; };
		E018A57F1E4A19E70034B376 /* TGTitleView.swift in Sources */ = {isa = PBXBuildFile; fileRef = E018A57E1E4A19E70034B376 /* TGTitleView.swift */; };
		E018A5811E4A19F60034B376 /* TGAvatarButton.swift in Sources */ = {isa = PBXBuildFile; fileRef = E018A5801E4A19F60034B376 /* TGAvatarButton.swift */; };
		E018A5871E4A1A290034B376 /* TGChatInputTextPanel.swift in Sources */ = {isa = PBXBuildFile; fileRef = E018A5861E4A1A290034B376 /* TGChatInputTextPanel.swift */; };
		E018A5891E4A1A380034B376 /* TGClockProgressView.swift in Sources */ = {isa = PBXBuildFile; fileRef = E018A5881E4A1A380034B376 /* TGClockProgressView.swift */; };
		E018A58B1E4A1A470034B376 /* TGDeliveryStatusView.swift in Sources */ = {isa = PBXBuildFile; fileRef = E018A58A1E4A1A470034B376 /* TGDeliveryStatusView.swift */; };
		E018A58D1E4A1A7B0034B376 /* TGDateMessageCell.swift in Sources */ = {isa = PBXBuildFile; fileRef = E018A58C1E4A1A7B0034B376 /* TGDateMessageCell.swift */; };
		E018A58F1E4A1A890034B376 /* TGDateMessageCellLayout.swift in Sources */ = {isa = PBXBuildFile; fileRef = E018A58E1E4A1A880034B376 /* TGDateMessageCellLayout.swift */; };
		E018A5911E4A1A9B0034B376 /* TGSystemMessageCell.swift in Sources */ = {isa = PBXBuildFile; fileRef = E018A5901E4A1A9B0034B376 /* TGSystemMessageCell.swift */; };
		E018A5931E4A1AA80034B376 /* TGSystemMessageCellLayout.swift in Sources */ = {isa = PBXBuildFile; fileRef = E018A5921E4A1AA80034B376 /* TGSystemMessageCellLayout.swift */; };
		E018A5951E4A1AB60034B376 /* TGBaseMessageCell.swift in Sources */ = {isa = PBXBuildFile; fileRef = E018A5941E4A1AB60034B376 /* TGBaseMessageCell.swift */; };
		E018A5971E4A1AC80034B376 /* TGBaseMessageCellLayout.swift in Sources */ = {isa = PBXBuildFile; fileRef = E018A5961E4A1AC80034B376 /* TGBaseMessageCellLayout.swift */; };
		E018A5991E4A1AD50034B376 /* TGTextMessageCell.swift in Sources */ = {isa = PBXBuildFile; fileRef = E018A5981E4A1AD50034B376 /* TGTextMessageCell.swift */; };
		E018A59B1E4A1AEB0034B376 /* TGTextMessageCellLayout.swift in Sources */ = {isa = PBXBuildFile; fileRef = E018A59A1E4A1AEB0034B376 /* TGTextMessageCellLayout.swift */; };
		E021C4361E51C9DA003A2EA1 /* TGChatViewController.swift in Sources */ = {isa = PBXBuildFile; fileRef = E021C4351E51C9DA003A2EA1 /* TGChatViewController.swift */; };
		E0C9577F1E6321FA002C254B /* MMChatViewController.swift in Sources */ = {isa = PBXBuildFile; fileRef = E0C9577E1E6321FA002C254B /* MMChatViewController.swift */; };
		E0C957851E63225B002C254B /* MMDateMessageCell.swift in Sources */ = {isa = PBXBuildFile; fileRef = E0C957841E63225B002C254B /* MMDateMessageCell.swift */; };
		E0C957871E632268002C254B /* MMDateMessageCellLayout.swift in Sources */ = {isa = PBXBuildFile; fileRef = E0C957861E632268002C254B /* MMDateMessageCellLayout.swift */; };
		E0C957891E632278002C254B /* MMSystemMessageCell.swift in Sources */ = {isa = PBXBuildFile; fileRef = E0C957881E632278002C254B /* MMSystemMessageCell.swift */; };
		E0C9578B1E632286002C254B /* MMSystemMessageCellLayout.swift in Sources */ = {isa = PBXBuildFile; fileRef = E0C9578A1E632286002C254B /* MMSystemMessageCellLayout.swift */; };
		E0C9578D1E632290002C254B /* MMBaseMessageCell.swift in Sources */ = {isa = PBXBuildFile; fileRef = E0C9578C1E632290002C254B /* MMBaseMessageCell.swift */; };
		E0C9578F1E6322A0002C254B /* MMBaseMessageCellLayout.swift in Sources */ = {isa = PBXBuildFile; fileRef = E0C9578E1E6322A0002C254B /* MMBaseMessageCellLayout.swift */; };
		E0C957911E6322AF002C254B /* MMTextMessageCell.swift in Sources */ = {isa = PBXBuildFile; fileRef = E0C957901E6322AF002C254B /* MMTextMessageCell.swift */; };
		E0C957931E6322BB002C254B /* MMTextMessageCellLayout.swift in Sources */ = {isa = PBXBuildFile; fileRef = E0C957921E6322BB002C254B /* MMTextMessageCellLayout.swift */; };
		E0C957951E6322D3002C254B /* MMChatInputTextPanel.swift in Sources */ = {isa = PBXBuildFile; fileRef = E0C957941E6322D3002C254B /* MMChatInputTextPanel.swift */; };
/* End PBXBuildFile section */

/* Begin PBXFileReference section */
		0DF9A059008AD85DC1CA9855 /* Pods-NoChat-Swift-Example.debug.xcconfig */ = {isa = PBXFileReference; includeInIndex = 1; lastKnownFileType = text.xcconfig; name = "Pods-NoChat-Swift-Example.debug.xcconfig"; path = "Pods/Target Support Files/Pods-NoChat-Swift-Example/Pods-NoChat-Swift-Example.debug.xcconfig"; sourceTree = "<group>"; };
		6147313DD52D7AC418226F24 /* Pods-NoChat-Swift-Example.release.xcconfig */ = {isa = PBXFileReference; includeInIndex = 1; lastKnownFileType = text.xcconfig; name = "Pods-NoChat-Swift-Example.release.xcconfig"; path = "Pods/Target Support Files/Pods-NoChat-Swift-Example/Pods-NoChat-Swift-Example.release.xcconfig"; sourceTree = "<group>"; };
		E018A5471E4A0F680034B376 /* NoChat-Swift-Example.app */ = {isa = PBXFileReference; explicitFileType = wrapper.application; includeInIndex = 0; path = "NoChat-Swift-Example.app"; sourceTree = BUILT_PRODUCTS_DIR; };
		E018A54A1E4A0F680034B376 /* AppDelegate.swift */ = {isa = PBXFileReference; lastKnownFileType = sourcecode.swift; path = AppDelegate.swift; sourceTree = "<group>"; };
		E018A54F1E4A0F680034B376 /* Base */ = {isa = PBXFileReference; lastKnownFileType = file.storyboard; name = Base; path = Base.lproj/Main.storyboard; sourceTree = "<group>"; };
		E018A5511E4A0F680034B376 /* Assets.xcassets */ = {isa = PBXFileReference; lastKnownFileType = folder.assetcatalog; path = Assets.xcassets; sourceTree = "<group>"; };
		E018A5541E4A0F680034B376 /* Base */ = {isa = PBXFileReference; lastKnownFileType = file.storyboard; name = Base; path = Base.lproj/LaunchScreen.storyboard; sourceTree = "<group>"; };
		E018A5561E4A0F680034B376 /* Info.plist */ = {isa = PBXFileReference; lastKnownFileType = text.plist.xml; path = Info.plist; sourceTree = "<group>"; };
		E018A5641E4A121E0034B376 /* notification.caf */ = {isa = PBXFileReference; lastKnownFileType = file; path = notification.caf; sourceTree = "<group>"; };
		E018A5651E4A121E0034B376 /* sent.caf */ = {isa = PBXFileReference; lastKnownFileType = file; path = sent.caf; sourceTree = "<group>"; };
		E018A5681E4A18F10034B376 /* MessageManager.swift */ = {isa = PBXFileReference; fileEncoding = 4; lastKnownFileType = sourcecode.swift; path = MessageManager.swift; sourceTree = "<group>"; };
		E018A56A1E4A19040034B376 /* SoundManager.swift */ = {isa = PBXFileReference; fileEncoding = 4; lastKnownFileType = sourcecode.swift; path = SoundManager.swift; sourceTree = "<group>"; };
		E018A56C1E4A19260034B376 /* UIFont+NoChat.swift */ = {isa = PBXFileReference; fileEncoding = 4; lastKnownFileType = sourcecode.swift; path = "UIFont+NoChat.swift"; sourceTree = "<group>"; };
		E018A56E1E4A19370034B376 /* NSAttributedString+NoChat.swift */ = {isa = PBXFileReference; fileEncoding = 4; lastKnownFileType = sourcecode.swift; path = "NSAttributedString+NoChat.swift"; sourceTree = "<group>"; };
		E018A5701E4A19480034B376 /* User.swift */ = {isa = PBXFileReference; fileEncoding = 4; lastKnownFileType = sourcecode.swift; path = User.swift; sourceTree = "<group>"; };
		E018A5721E4A195B0034B376 /* Chat.swift */ = {isa = PBXFileReference; fileEncoding = 4; lastKnownFileType = sourcecode.swift; path = Chat.swift; sourceTree = "<group>"; };
		E018A5741E4A196B0034B376 /* Message.swift */ = {isa = PBXFileReference; fileEncoding = 4; lastKnownFileType = sourcecode.swift; path = Message.swift; sourceTree = "<group>"; };
		E018A5761E4A197D0034B376 /* ChatsViewController.swift */ = {isa = PBXFileReference; fileEncoding = 4; lastKnownFileType = sourcecode.swift; path = ChatsViewController.swift; sourceTree = "<group>"; };
		E018A57E1E4A19E70034B376 /* TGTitleView.swift */ = {isa = PBXFileReference; fileEncoding = 4; lastKnownFileType = sourcecode.swift; path = TGTitleView.swift; sourceTree = "<group>"; };
		E018A5801E4A19F60034B376 /* TGAvatarButton.swift */ = {isa = PBXFileReference; fileEncoding = 4; lastKnownFileType = sourcecode.swift; path = TGAvatarButton.swift; sourceTree = "<group>"; };
		E018A5861E4A1A290034B376 /* TGChatInputTextPanel.swift */ = {isa = PBXFileReference; fileEncoding = 4; lastKnownFileType = sourcecode.swift; path = TGChatInputTextPanel.swift; sourceTree = "<group>"; };
		E018A5881E4A1A380034B376 /* TGClockProgressView.swift */ = {isa = PBXFileReference; fileEncoding = 4; lastKnownFileType = sourcecode.swift; path = TGClockProgressView.swift; sourceTree = "<group>"; };
		E018A58A1E4A1A470034B376 /* TGDeliveryStatusView.swift */ = {isa = PBXFileReference; fileEncoding = 4; lastKnownFileType = sourcecode.swift; path = TGDeliveryStatusView.swift; sourceTree = "<group>"; };
		E018A58C1E4A1A7B0034B376 /* TGDateMessageCell.swift */ = {isa = PBXFileReference; fileEncoding = 4; lastKnownFileType = sourcecode.swift; path = TGDateMessageCell.swift; sourceTree = "<group>"; };
		E018A58E1E4A1A880034B376 /* TGDateMessageCellLayout.swift */ = {isa = PBXFileReference; fileEncoding = 4; lastKnownFileType = sourcecode.swift; path = TGDateMessageCellLayout.swift; sourceTree = "<group>"; };
		E018A5901E4A1A9B0034B376 /* TGSystemMessageCell.swift */ = {isa = PBXFileReference; fileEncoding = 4; lastKnownFileType = sourcecode.swift; path = TGSystemMessageCell.swift; sourceTree = "<group>"; };
		E018A5921E4A1AA80034B376 /* TGSystemMessageCellLayout.swift */ = {isa = PBXFileReference; fileEncoding = 4; lastKnownFileType = sourcecode.swift; path = TGSystemMessageCellLayout.swift; sourceTree = "<group>"; };
		E018A5941E4A1AB60034B376 /* TGBaseMessageCell.swift */ = {isa = PBXFileReference; fileEncoding = 4; lastKnownFileType = sourcecode.swift; path = TGBaseMessageCell.swift; sourceTree = "<group>"; };
		E018A5961E4A1AC80034B376 /* TGBaseMessageCellLayout.swift */ = {isa = PBXFileReference; fileEncoding = 4; lastKnownFileType = sourcecode.swift; path = TGBaseMessageCellLayout.swift; sourceTree = "<group>"; };
		E018A5981E4A1AD50034B376 /* TGTextMessageCell.swift */ = {isa = PBXFileReference; fileEncoding = 4; lastKnownFileType = sourcecode.swift; path = TGTextMessageCell.swift; sourceTree = "<group>"; };
		E018A59A1E4A1AEB0034B376 /* TGTextMessageCellLayout.swift */ = {isa = PBXFileReference; fileEncoding = 4; lastKnownFileType = sourcecode.swift; path = TGTextMessageCellLayout.swift; sourceTree = "<group>"; };
		E021C4351E51C9DA003A2EA1 /* TGChatViewController.swift */ = {isa = PBXFileReference; fileEncoding = 4; lastKnownFileType = sourcecode.swift; path = TGChatViewController.swift; sourceTree = "<group>"; };
		E0C9577E1E6321FA002C254B /* MMChatViewController.swift */ = {isa = PBXFileReference; fileEncoding = 4; lastKnownFileType = sourcecode.swift; path = MMChatViewController.swift; sourceTree = "<group>"; };
		E0C957841E63225B002C254B /* MMDateMessageCell.swift */ = {isa = PBXFileReference; fileEncoding = 4; lastKnownFileType = sourcecode.swift; path = MMDateMessageCell.swift; sourceTree = "<group>"; };
		E0C957861E632268002C254B /* MMDateMessageCellLayout.swift */ = {isa = PBXFileReference; fileEncoding = 4; lastKnownFileType = sourcecode.swift; path = MMDateMessageCellLayout.swift; sourceTree = "<group>"; };
		E0C957881E632278002C254B /* MMSystemMessageCell.swift */ = {isa = PBXFileReference; fileEncoding = 4; lastKnownFileType = sourcecode.swift; path = MMSystemMessageCell.swift; sourceTree = "<group>"; };
		E0C9578A1E632286002C254B /* MMSystemMessageCellLayout.swift */ = {isa = PBXFileReference; fileEncoding = 4; lastKnownFileType = sourcecode.swift; path = MMSystemMessageCellLayout.swift; sourceTree = "<group>"; };
		E0C9578C1E632290002C254B /* MMBaseMessageCell.swift */ = {isa = PBXFileReference; fileEncoding = 4; lastKnownFileType = sourcecode.swift; path = MMBaseMessageCell.swift; sourceTree = "<group>"; };
		E0C9578E1E6322A0002C254B /* MMBaseMessageCellLayout.swift */ = {isa = PBXFileReference; fileEncoding = 4; lastKnownFileType = sourcecode.swift; path = MMBaseMessageCellLayout.swift; sourceTree = "<group>"; };
		E0C957901E6322AF002C254B /* MMTextMessageCell.swift */ = {isa = PBXFileReference; fileEncoding = 4; lastKnownFileType = sourcecode.swift; path = MMTextMessageCell.swift; sourceTree = "<group>"; };
		E0C957921E6322BB002C254B /* MMTextMessageCellLayout.swift */ = {isa = PBXFileReference; fileEncoding = 4; lastKnownFileType = sourcecode.swift; path = MMTextMessageCellLayout.swift; sourceTree = "<group>"; };
		E0C957941E6322D3002C254B /* MMChatInputTextPanel.swift */ = {isa = PBXFileReference; fileEncoding = 4; lastKnownFileType = sourcecode.swift; path = MMChatInputTextPanel.swift; sourceTree = "<group>"; };
		F2086D5A65816BB8659D62B9 /* Pods_NoChat_Swift_Example.framework */ = {isa = PBXFileReference; explicitFileType = wrapper.framework; includeInIndex = 0; path = Pods_NoChat_Swift_Example.framework; sourceTree = BUILT_PRODUCTS_DIR; };
/* End PBXFileReference section */

/* Begin PBXFrameworksBuildPhase section */
		E018A5441E4A0F680034B376 /* Frameworks */ = {
			isa = PBXFrameworksBuildPhase;
			buildActionMask = 2147483647;
			files = (
				83CD7532BDEA6D79BA11FEA2 /* Pods_NoChat_Swift_Example.framework in Frameworks */,
			);
			runOnlyForDeploymentPostprocessing = 0;
		};
/* End PBXFrameworksBuildPhase section */

/* Begin PBXGroup section */
		1616136496973EB6A9101D07 /* Pods */ = {
			isa = PBXGroup;
			children = (
				0DF9A059008AD85DC1CA9855 /* Pods-NoChat-Swift-Example.debug.xcconfig */,
				6147313DD52D7AC418226F24 /* Pods-NoChat-Swift-Example.release.xcconfig */,
			);
			name = Pods;
			sourceTree = "<group>";
		};
		327517D46566101B02DDB486 /* Frameworks */ = {
			isa = PBXGroup;
			children = (
				F2086D5A65816BB8659D62B9 /* Pods_NoChat_Swift_Example.framework */,
			);
			name = Frameworks;
			sourceTree = "<group>";
		};
		E018A53E1E4A0F680034B376 = {
			isa = PBXGroup;
			children = (
				E018A5491E4A0F680034B376 /* NoChat-Swift-Example */,
				E018A5481E4A0F680034B376 /* Products */,
				1616136496973EB6A9101D07 /* Pods */,
				327517D46566101B02DDB486 /* Frameworks */,
			);
			sourceTree = "<group>";
		};
		E018A5481E4A0F680034B376 /* Products */ = {
			isa = PBXGroup;
			children = (
				E018A5471E4A0F680034B376 /* NoChat-Swift-Example.app */,
			);
			name = Products;
			sourceTree = "<group>";
		};
		E018A5491E4A0F680034B376 /* NoChat-Swift-Example */ = {
			isa = PBXGroup;
			children = (
				E018A55C1E4A11090034B376 /* AppDelegate */,
				E018A5631E4A113F0034B376 /* Storyboards */,
				E018A5621E4A11370034B376 /* Models */,
				E018A5611E4A11330034B376 /* Views */,
				E018A5601E4A112B0034B376 /* ViewControllers */,
				E018A55F1E4A11240034B376 /* Extensions */,
				E018A55E1E4A111D0034B376 /* Utilities */,
				E018A55D1E4A11140034B376 /* Supporting Files */,
			);
			path = "NoChat-Swift-Example";
			sourceTree = "<group>";
		};
		E018A55C1E4A11090034B376 /* AppDelegate */ = {
			isa = PBXGroup;
			children = (
				E018A54A1E4A0F680034B376 /* AppDelegate.swift */,
			);
			name = AppDelegate;
			sourceTree = "<group>";
		};
		E018A55D1E4A11140034B376 /* Supporting Files */ = {
			isa = PBXGroup;
			children = (
				E018A5511E4A0F680034B376 /* Assets.xcassets */,
				E018A5561E4A0F680034B376 /* Info.plist */,
				E018A5641E4A121E0034B376 /* notification.caf */,
				E018A5651E4A121E0034B376 /* sent.caf */,
			);
			name = "Supporting Files";
			sourceTree = "<group>";
		};
		E018A55E1E4A111D0034B376 /* Utilities */ = {
			isa = PBXGroup;
			children = (
				E018A5681E4A18F10034B376 /* MessageManager.swift */,
				E018A56A1E4A19040034B376 /* SoundManager.swift */,
			);
			name = Utilities;
			sourceTree = "<group>";
		};
		E018A55F1E4A11240034B376 /* Extensions */ = {
			isa = PBXGroup;
			children = (
				E018A56C1E4A19260034B376 /* UIFont+NoChat.swift */,
				E018A56E1E4A19370034B376 /* NSAttributedString+NoChat.swift */,
			);
			name = Extensions;
			sourceTree = "<group>";
		};
		E018A5601E4A112B0034B376 /* ViewControllers */ = {
			isa = PBXGroup;
			children = (
				E018A5761E4A197D0034B376 /* ChatsViewController.swift */,
				E018A5781E4A19830034B376 /* Telegram */,
				E0C9577B1E6321D6002C254B /* WeChat */,
			);
			name = ViewControllers;
			sourceTree = "<group>";
		};
		E018A5611E4A11330034B376 /* Views */ = {
			isa = PBXGroup;
			children = (
			);
			name = Views;
			sourceTree = "<group>";
		};
		E018A5621E4A11370034B376 /* Models */ = {
			isa = PBXGroup;
			children = (
				E018A5701E4A19480034B376 /* User.swift */,
				E018A5721E4A195B0034B376 /* Chat.swift */,
				E018A5741E4A196B0034B376 /* Message.swift */,
			);
			name = Models;
			sourceTree = "<group>";
		};
		E018A5631E4A113F0034B376 /* Storyboards */ = {
			isa = PBXGroup;
			children = (
				E018A54E1E4A0F680034B376 /* Main.storyboard */,
				E018A5531E4A0F680034B376 /* LaunchScreen.storyboard */,
			);
			name = Storyboards;
			sourceTree = "<group>";
		};
		E018A5781E4A19830034B376 /* Telegram */ = {
			isa = PBXGroup;
			children = (
				E018A57D1E4A19B20034B376 /* Title View */,
				E018A57C1E4A19AB0034B376 /* Avatar Button */,
				E018A57B1E4A19A60034B376 /* Cell */,
				E018A57A1E4A199F0034B376 /* Input Panel */,
				E018A5791E4A19960034B376 /* Progress View */,
				E021C4351E51C9DA003A2EA1 /* TGChatViewController.swift */,
			);
			name = Telegram;
			sourceTree = "<group>";
		};
		E018A5791E4A19960034B376 /* Progress View */ = {
			isa = PBXGroup;
			children = (
				E018A5881E4A1A380034B376 /* TGClockProgressView.swift */,
				E018A58A1E4A1A470034B376 /* TGDeliveryStatusView.swift */,
			);
			name = "Progress View";
			sourceTree = "<group>";
		};
		E018A57A1E4A199F0034B376 /* Input Panel */ = {
			isa = PBXGroup;
			children = (
				E018A5861E4A1A290034B376 /* TGChatInputTextPanel.swift */,
			);
			name = "Input Panel";
			sourceTree = "<group>";
		};
		E018A57B1E4A19A60034B376 /* Cell */ = {
			isa = PBXGroup;
			children = (
				E018A5851E4A1A0B0034B376 /* Date */,
				E018A5841E4A1A070034B376 /* System */,
				E018A5831E4A1A030034B376 /* Base */,
				E018A5821E4A19FE0034B376 /* Text */,
			);
			name = Cell;
			sourceTree = "<group>";
		};
		E018A57C1E4A19AB0034B376 /* Avatar Button */ = {
			isa = PBXGroup;
			children = (
				E018A5801E4A19F60034B376 /* TGAvatarButton.swift */,
			);
			name = "Avatar Button";
			sourceTree = "<group>";
		};
		E018A57D1E4A19B20034B376 /* Title View */ = {
			isa = PBXGroup;
			children = (
				E018A57E1E4A19E70034B376 /* TGTitleView.swift */,
			);
			name = "Title View";
			sourceTree = "<group>";
		};
		E018A5821E4A19FE0034B376 /* Text */ = {
			isa = PBXGroup;
			children = (
				E018A5981E4A1AD50034B376 /* TGTextMessageCell.swift */,
				E018A59A1E4A1AEB0034B376 /* TGTextMessageCellLayout.swift */,
			);
			name = Text;
			sourceTree = "<group>";
		};
		E018A5831E4A1A030034B376 /* Base */ = {
			isa = PBXGroup;
			children = (
				E018A5941E4A1AB60034B376 /* TGBaseMessageCell.swift */,
				E018A5961E4A1AC80034B376 /* TGBaseMessageCellLayout.swift */,
			);
			name = Base;
			sourceTree = "<group>";
		};
		E018A5841E4A1A070034B376 /* System */ = {
			isa = PBXGroup;
			children = (
				E018A5901E4A1A9B0034B376 /* TGSystemMessageCell.swift */,
				E018A5921E4A1AA80034B376 /* TGSystemMessageCellLayout.swift */,
			);
			name = System;
			sourceTree = "<group>";
		};
		E018A5851E4A1A0B0034B376 /* Date */ = {
			isa = PBXGroup;
			children = (
				E018A58C1E4A1A7B0034B376 /* TGDateMessageCell.swift */,
				E018A58E1E4A1A880034B376 /* TGDateMessageCellLayout.swift */,
			);
			name = Date;
			sourceTree = "<group>";
		};
		E0C9577B1E6321D6002C254B /* WeChat */ = {
			isa = PBXGroup;
			children = (
				E0C9577C1E6321DC002C254B /* Cell */,
				E0C9577D1E6321E2002C254B /* Input Panel */,
				E0C9577E1E6321FA002C254B /* MMChatViewController.swift */,
			);
			name = WeChat;
			sourceTree = "<group>";
		};
		E0C9577C1E6321DC002C254B /* Cell */ = {
			isa = PBXGroup;
			children = (
				E0C957831E63221E002C254B /* Date */,
				E0C957821E632219002C254B /* System */,
				E0C957811E632214002C254B /* Base */,
				E0C957801E63220E002C254B /* Text */,
			);
			name = Cell;
			sourceTree = "<group>";
		};
		E0C9577D1E6321E2002C254B /* Input Panel */ = {
			isa = PBXGroup;
			children = (
				E0C957941E6322D3002C254B /* MMChatInputTextPanel.swift */,
			);
			name = "Input Panel";
			sourceTree = "<group>";
		};
		E0C957801E63220E002C254B /* Text */ = {
			isa = PBXGroup;
			children = (
				E0C957901E6322AF002C254B /* MMTextMessageCell.swift */,
				E0C957921E6322BB002C254B /* MMTextMessageCellLayout.swift */,
			);
			name = Text;
			sourceTree = "<group>";
		};
		E0C957811E632214002C254B /* Base */ = {
			isa = PBXGroup;
			children = (
				E0C9578C1E632290002C254B /* MMBaseMessageCell.swift */,
				E0C9578E1E6322A0002C254B /* MMBaseMessageCellLayout.swift */,
			);
			name = Base;
			sourceTree = "<group>";
		};
		E0C957821E632219002C254B /* System */ = {
			isa = PBXGroup;
			children = (
				E0C957881E632278002C254B /* MMSystemMessageCell.swift */,
				E0C9578A1E632286002C254B /* MMSystemMessageCellLayout.swift */,
			);
			name = System;
			sourceTree = "<group>";
		};
		E0C957831E63221E002C254B /* Date */ = {
			isa = PBXGroup;
			children = (
				E0C957841E63225B002C254B /* MMDateMessageCell.swift */,
				E0C957861E632268002C254B /* MMDateMessageCellLayout.swift */,
			);
			name = Date;
			sourceTree = "<group>";
		};
/* End PBXGroup section */

/* Begin PBXNativeTarget section */
		E018A5461E4A0F680034B376 /* NoChat-Swift-Example */ = {
			isa = PBXNativeTarget;
			buildConfigurationList = E018A5591E4A0F680034B376 /* Build configuration list for PBXNativeTarget "NoChat-Swift-Example" */;
			buildPhases = (
				7082105EA2915F24DD6DA011 /* [CP] Check Pods Manifest.lock */,
				E018A5431E4A0F680034B376 /* Sources */,
				E018A5441E4A0F680034B376 /* Frameworks */,
				E018A5451E4A0F680034B376 /* Resources */,
				0183C1A3E7337DC21D3FC56A /* [CP] Embed Pods Frameworks */,
			);
			buildRules = (
			);
			dependencies = (
			);
			name = "NoChat-Swift-Example";
			productName = "NoChat-Swift-Example";
			productReference = E018A5471E4A0F680034B376 /* NoChat-Swift-Example.app */;
			productType = "com.apple.product-type.application";
		};
/* End PBXNativeTarget section */

/* Begin PBXProject section */
		E018A53F1E4A0F680034B376 /* Project object */ = {
			isa = PBXProject;
			attributes = {
				LastSwiftUpdateCheck = 0820;
				LastUpgradeCheck = 1000;
				ORGANIZATIONNAME = little2s;
				TargetAttributes = {
					E018A5461E4A0F680034B376 = {
						CreatedOnToolsVersion = 8.2.1;
						DevelopmentTeam = Y74B477B4P;
						LastSwiftMigration = 1000;
						ProvisioningStyle = Automatic;
					};
				};
			};
			buildConfigurationList = E018A5421E4A0F680034B376 /* Build configuration list for PBXProject "NoChat-Swift-Example" */;
			compatibilityVersion = "Xcode 3.2";
			developmentRegion = English;
			hasScannedForEncodings = 0;
			knownRegions = (
				en,
				Base,
			);
			mainGroup = E018A53E1E4A0F680034B376;
			productRefGroup = E018A5481E4A0F680034B376 /* Products */;
			projectDirPath = "";
			projectRoot = "";
			targets = (
				E018A5461E4A0F680034B376 /* NoChat-Swift-Example */,
			);
		};
/* End PBXProject section */

/* Begin PBXResourcesBuildPhase section */
		E018A5451E4A0F680034B376 /* Resources */ = {
			isa = PBXResourcesBuildPhase;
			buildActionMask = 2147483647;
			files = (
				E018A5551E4A0F680034B376 /* LaunchScreen.storyboard in Resources */,
				E018A5521E4A0F680034B376 /* Assets.xcassets in Resources */,
				E018A5501E4A0F680034B376 /* Main.storyboard in Resources */,
				E018A5671E4A121E0034B376 /* sent.caf in Resources */,
				E018A5661E4A121E0034B376 /* notification.caf in Resources */,
			);
			runOnlyForDeploymentPostprocessing = 0;
		};
/* End PBXResourcesBuildPhase section */

/* Begin PBXShellScriptBuildPhase section */
		0183C1A3E7337DC21D3FC56A /* [CP] Embed Pods Frameworks */ = {
			isa = PBXShellScriptBuildPhase;
			buildActionMask = 2147483647;
			files = (
			);
			inputPaths = (
				"${PODS_ROOT}/Target Support Files/Pods-NoChat-Swift-Example/Pods-NoChat-Swift-Example-frameworks.sh",
				"${BUILT_PRODUCTS_DIR}/HPGrowingTextView/HPGrowingTextView.framework",
				"${BUILT_PRODUCTS_DIR}/NOCProtoKit/NOCProtoKit.framework",
				"${BUILT_PRODUCTS_DIR}/NoChat/NoChat.framework",
				"${BUILT_PRODUCTS_DIR}/YYText/YYText.framework",
			);
			name = "[CP] Embed Pods Frameworks";
			outputPaths = (
				"${TARGET_BUILD_DIR}/${FRAMEWORKS_FOLDER_PATH}/HPGrowingTextView.framework",
				"${TARGET_BUILD_DIR}/${FRAMEWORKS_FOLDER_PATH}/NOCProtoKit.framework",
				"${TARGET_BUILD_DIR}/${FRAMEWORKS_FOLDER_PATH}/NoChat.framework",
				"${TARGET_BUILD_DIR}/${FRAMEWORKS_FOLDER_PATH}/YYText.framework",
			);
			runOnlyForDeploymentPostprocessing = 0;
			shellPath = /bin/sh;
			shellScript = "\"${PODS_ROOT}/Target Support Files/Pods-NoChat-Swift-Example/Pods-NoChat-Swift-Example-frameworks.sh\"\n";
			showEnvVarsInLog = 0;
		};
		7082105EA2915F24DD6DA011 /* [CP] Check Pods Manifest.lock */ = {
			isa = PBXShellScriptBuildPhase;
			buildActionMask = 2147483647;
			files = (
			);
			inputPaths = (
				"${PODS_PODFILE_DIR_PATH}/Podfile.lock",
				"${PODS_ROOT}/Manifest.lock",
			);
			name = "[CP] Check Pods Manifest.lock";
			outputPaths = (
				"$(DERIVED_FILE_DIR)/Pods-NoChat-Swift-Example-checkManifestLockResult.txt",
			);
			runOnlyForDeploymentPostprocessing = 0;
			shellPath = /bin/sh;
			shellScript = "diff \"${PODS_PODFILE_DIR_PATH}/Podfile.lock\" \"${PODS_ROOT}/Manifest.lock\" > /dev/null\nif [ $? != 0 ] ; then\n    # print error to STDERR\n    echo \"error: The sandbox is not in sync with the Podfile.lock. Run 'pod install' or update your CocoaPods installation.\" >&2\n    exit 1\nfi\n# This output is used by Xcode 'outputs' to avoid re-running this script phase.\necho \"SUCCESS\" > \"${SCRIPT_OUTPUT_FILE_0}\"\n";
			showEnvVarsInLog = 0;
		};
/* End PBXShellScriptBuildPhase section */

/* Begin PBXSourcesBuildPhase section */
		E018A5431E4A0F680034B376 /* Sources */ = {
			isa = PBXSourcesBuildPhase;
			buildActionMask = 2147483647;
			files = (
				E018A57F1E4A19E70034B376 /* TGTitleView.swift in Sources */,
				E018A56F1E4A19370034B376 /* NSAttributedString+NoChat.swift in Sources */,
				E021C4361E51C9DA003A2EA1 /* TGChatViewController.swift in Sources */,
				E018A54B1E4A0F680034B376 /* AppDelegate.swift in Sources */,
				E018A58B1E4A1A470034B376 /* TGDeliveryStatusView.swift in Sources */,
				E018A58F1E4A1A890034B376 /* TGDateMessageCellLayout.swift in Sources */,
				E0C957911E6322AF002C254B /* MMTextMessageCell.swift in Sources */,
				E018A5731E4A195B0034B376 /* Chat.swift in Sources */,
				E018A5891E4A1A380034B376 /* TGClockProgressView.swift in Sources */,
				E018A5811E4A19F60034B376 /* TGAvatarButton.swift in Sources */,
				E0C957851E63225B002C254B /* MMDateMessageCell.swift in Sources */,
				E0C957951E6322D3002C254B /* MMChatInputTextPanel.swift in Sources */,
				E018A5871E4A1A290034B376 /* TGChatInputTextPanel.swift in Sources */,
				E018A5711E4A19480034B376 /* User.swift in Sources */,
				E0C9578B1E632286002C254B /* MMSystemMessageCellLayout.swift in Sources */,
				E018A5951E4A1AB60034B376 /* TGBaseMessageCell.swift in Sources */,
				E018A5691E4A18F10034B376 /* MessageManager.swift in Sources */,
				E018A5931E4A1AA80034B376 /* TGSystemMessageCellLayout.swift in Sources */,
				E018A59B1E4A1AEB0034B376 /* TGTextMessageCellLayout.swift in Sources */,
				E018A5911E4A1A9B0034B376 /* TGSystemMessageCell.swift in Sources */,
				E0C9578D1E632290002C254B /* MMBaseMessageCell.swift in Sources */,
				E018A5751E4A196B0034B376 /* Message.swift in Sources */,
				E018A56B1E4A19040034B376 /* SoundManager.swift in Sources */,
				E018A58D1E4A1A7B0034B376 /* TGDateMessageCell.swift in Sources */,
				E018A5971E4A1AC80034B376 /* TGBaseMessageCellLayout.swift in Sources */,
				E018A5771E4A197D0034B376 /* ChatsViewController.swift in Sources */,
				E018A56D1E4A19260034B376 /* UIFont+NoChat.swift in Sources */,
				E0C957931E6322BB002C254B /* MMTextMessageCellLayout.swift in Sources */,
				E0C9577F1E6321FA002C254B /* MMChatViewController.swift in Sources */,
				E018A5991E4A1AD50034B376 /* TGTextMessageCell.swift in Sources */,
				E0C957891E632278002C254B /* MMSystemMessageCell.swift in Sources */,
				E0C9578F1E6322A0002C254B /* MMBaseMessageCellLayout.swift in Sources */,
				E0C957871E632268002C254B /* MMDateMessageCellLayout.swift in Sources */,
			);
			runOnlyForDeploymentPostprocessing = 0;
		};
/* End PBXSourcesBuildPhase section */

/* Begin PBXVariantGroup section */
		E018A54E1E4A0F680034B376 /* Main.storyboard */ = {
			isa = PBXVariantGroup;
			children = (
				E018A54F1E4A0F680034B376 /* Base */,
			);
			name = Main.storyboard;
			sourceTree = "<group>";
		};
		E018A5531E4A0F680034B376 /* LaunchScreen.storyboard */ = {
			isa = PBXVariantGroup;
			children = (
				E018A5541E4A0F680034B376 /* Base */,
			);
			name = LaunchScreen.storyboard;
			sourceTree = "<group>";
		};
/* End PBXVariantGroup section */

/* Begin XCBuildConfiguration section */
		E018A5571E4A0F680034B376 /* Debug */ = {
			isa = XCBuildConfiguration;
			buildSettings = {
				ALWAYS_SEARCH_USER_PATHS = NO;
				CLANG_ANALYZER_NONNULL = YES;
				CLANG_CXX_LANGUAGE_STANDARD = "gnu++0x";
				CLANG_CXX_LIBRARY = "libc++";
				CLANG_ENABLE_MODULES = YES;
				CLANG_ENABLE_OBJC_ARC = YES;
				CLANG_WARN_BLOCK_CAPTURE_AUTORELEASING = YES;
				CLANG_WARN_BOOL_CONVERSION = YES;
				CLANG_WARN_COMMA = YES;
				CLANG_WARN_CONSTANT_CONVERSION = YES;
				CLANG_WARN_DEPRECATED_OBJC_IMPLEMENTATIONS = YES;
				CLANG_WARN_DIRECT_OBJC_ISA_USAGE = YES_ERROR;
				CLANG_WARN_DOCUMENTATION_COMMENTS = YES;
				CLANG_WARN_EMPTY_BODY = YES;
				CLANG_WARN_ENUM_CONVERSION = YES;
				CLANG_WARN_INFINITE_RECURSION = YES;
				CLANG_WARN_INT_CONVERSION = YES;
				CLANG_WARN_NON_LITERAL_NULL_CONVERSION = YES;
				CLANG_WARN_OBJC_IMPLICIT_RETAIN_SELF = YES;
				CLANG_WARN_OBJC_LITERAL_CONVERSION = YES;
				CLANG_WARN_OBJC_ROOT_CLASS = YES_ERROR;
				CLANG_WARN_RANGE_LOOP_ANALYSIS = YES;
				CLANG_WARN_STRICT_PROTOTYPES = YES;
				CLANG_WARN_SUSPICIOUS_MOVE = YES;
				CLANG_WARN_UNREACHABLE_CODE = YES;
				CLANG_WARN__DUPLICATE_METHOD_MATCH = YES;
				"CODE_SIGN_IDENTITY[sdk=iphoneos*]" = "iPhone Developer";
				COPY_PHASE_STRIP = NO;
				DEBUG_INFORMATION_FORMAT = dwarf;
				ENABLE_STRICT_OBJC_MSGSEND = YES;
				ENABLE_TESTABILITY = YES;
				GCC_C_LANGUAGE_STANDARD = gnu99;
				GCC_DYNAMIC_NO_PIC = NO;
				GCC_NO_COMMON_BLOCKS = YES;
				GCC_OPTIMIZATION_LEVEL = 0;
				GCC_PREPROCESSOR_DEFINITIONS = (
					"DEBUG=1",
					"$(inherited)",
				);
				GCC_WARN_64_TO_32_BIT_CONVERSION = YES;
				GCC_WARN_ABOUT_RETURN_TYPE = YES_ERROR;
				GCC_WARN_UNDECLARED_SELECTOR = YES;
				GCC_WARN_UNINITIALIZED_AUTOS = YES_AGGRESSIVE;
				GCC_WARN_UNUSED_FUNCTION = YES;
				GCC_WARN_UNUSED_VARIABLE = YES;
				IPHONEOS_DEPLOYMENT_TARGET = 8.0;
				MTL_ENABLE_DEBUG_INFO = YES;
				ONLY_ACTIVE_ARCH = YES;
				SDKROOT = iphoneos;
				SWIFT_ACTIVE_COMPILATION_CONDITIONS = DEBUG;
				SWIFT_OPTIMIZATION_LEVEL = "-Onone";
				TARGETED_DEVICE_FAMILY = "1,2";
			};
			name = Debug;
		};
		E018A5581E4A0F680034B376 /* Release */ = {
			isa = XCBuildConfiguration;
			buildSettings = {
				ALWAYS_SEARCH_USER_PATHS = NO;
				CLANG_ANALYZER_NONNULL = YES;
				CLANG_CXX_LANGUAGE_STANDARD = "gnu++0x";
				CLANG_CXX_LIBRARY = "libc++";
				CLANG_ENABLE_MODULES = YES;
				CLANG_ENABLE_OBJC_ARC = YES;
				CLANG_WARN_BLOCK_CAPTURE_AUTORELEASING = YES;
				CLANG_WARN_BOOL_CONVERSION = YES;
				CLANG_WARN_COMMA = YES;
				CLANG_WARN_CONSTANT_CONVERSION = YES;
				CLANG_WARN_DEPRECATED_OBJC_IMPLEMENTATIONS = YES;
				CLANG_WARN_DIRECT_OBJC_ISA_USAGE = YES_ERROR;
				CLANG_WARN_DOCUMENTATION_COMMENTS = YES;
				CLANG_WARN_EMPTY_BODY = YES;
				CLANG_WARN_ENUM_CONVERSION = YES;
				CLANG_WARN_INFINITE_RECURSION = YES;
				CLANG_WARN_INT_CONVERSION = YES;
				CLANG_WARN_NON_LITERAL_NULL_CONVERSION = YES;
				CLANG_WARN_OBJC_IMPLICIT_RETAIN_SELF = YES;
				CLANG_WARN_OBJC_LITERAL_CONVERSION = YES;
				CLANG_WARN_OBJC_ROOT_CLASS = YES_ERROR;
				CLANG_WARN_RANGE_LOOP_ANALYSIS = YES;
				CLANG_WARN_STRICT_PROTOTYPES = YES;
				CLANG_WARN_SUSPICIOUS_MOVE = YES;
				CLANG_WARN_UNREACHABLE_CODE = YES;
				CLANG_WARN__DUPLICATE_METHOD_MATCH = YES;
				"CODE_SIGN_IDENTITY[sdk=iphoneos*]" = "iPhone Developer";
				COPY_PHASE_STRIP = NO;
				DEBUG_INFORMATION_FORMAT = "dwarf-with-dsym";
				ENABLE_NS_ASSERTIONS = NO;
				ENABLE_STRICT_OBJC_MSGSEND = YES;
				GCC_C_LANGUAGE_STANDARD = gnu99;
				GCC_NO_COMMON_BLOCKS = YES;
				GCC_WARN_64_TO_32_BIT_CONVERSION = YES;
				GCC_WARN_ABOUT_RETURN_TYPE = YES_ERROR;
				GCC_WARN_UNDECLARED_SELECTOR = YES;
				GCC_WARN_UNINITIALIZED_AUTOS = YES_AGGRESSIVE;
				GCC_WARN_UNUSED_FUNCTION = YES;
				GCC_WARN_UNUSED_VARIABLE = YES;
				IPHONEOS_DEPLOYMENT_TARGET = 8.0;
				MTL_ENABLE_DEBUG_INFO = NO;
				SDKROOT = iphoneos;
				SWIFT_OPTIMIZATION_LEVEL = "-Owholemodule";
				TARGETED_DEVICE_FAMILY = "1,2";
				VALIDATE_PRODUCT = YES;
			};
			name = Release;
		};
		E018A55A1E4A0F680034B376 /* Debug */ = {
			isa = XCBuildConfiguration;
			baseConfigurationReference = 0DF9A059008AD85DC1CA9855 /* Pods-NoChat-Swift-Example.debug.xcconfig */;
			buildSettings = {
				ASSETCATALOG_COMPILER_APPICON_NAME = AppIcon;
				DEVELOPMENT_TEAM = Y74B477B4P;
				INFOPLIST_FILE = "NoChat-Swift-Example/Info.plist";
				LD_RUNPATH_SEARCH_PATHS = "$(inherited) @executable_path/Frameworks";
				PRODUCT_BUNDLE_IDENTIFIER = "com.little2s.NoChat-Swift-Example";
				PRODUCT_NAME = "$(TARGET_NAME)";
				SWIFT_SWIFT3_OBJC_INFERENCE = Default;
				SWIFT_VERSION = 4.2;
			};
			name = Debug;
		};
		E018A55B1E4A0F680034B376 /* Release */ = {
			isa = XCBuildConfiguration;
			baseConfigurationReference = 6147313DD52D7AC418226F24 /* Pods-NoChat-Swift-Example.release.xcconfig */;
			buildSettings = {
				ASSETCATALOG_COMPILER_APPICON_NAME = AppIcon;
				DEVELOPMENT_TEAM = Y74B477B4P;
				INFOPLIST_FILE = "NoChat-Swift-Example/Info.plist";
				LD_RUNPATH_SEARCH_PATHS = "$(inherited) @executable_path/Frameworks";
				PRODUCT_BUNDLE_IDENTIFIER = "com.little2s.NoChat-Swift-Example";
				PRODUCT_NAME = "$(TARGET_NAME)";
				SWIFT_SWIFT3_OBJC_INFERENCE = Default;
				SWIFT_VERSION = 4.2;
			};
			name = Release;
		};
/* End XCBuildConfiguration section */

/* Begin XCConfigurationList section */
		E018A5421E4A0F680034B376 /* Build configuration list for PBXProject "NoChat-Swift-Example" */ = {
			isa = XCConfigurationList;
			buildConfigurations = (
				E018A5571E4A0F680034B376 /* Debug */,
				E018A5581E4A0F680034B376 /* Release */,
			);
			defaultConfigurationIsVisible = 0;
			defaultConfigurationName = Release;
		};
		E018A5591E4A0F680034B376 /* Build configuration list for PBXNativeTarget "NoChat-Swift-Example" */ = {
			isa = XCConfigurationList;
			buildConfigurations = (
				E018A55A1E4A0F680034B376 /* Debug */,
				E018A55B1E4A0F680034B376 /* Release */,
			);
			defaultConfigurationIsVisible = 0;
			defaultConfigurationName = Release;
		};
/* End XCConfigurationList section */
	};
	rootObject = E018A53F1E4A0F680034B376 /* Project object */;
}
