// !$*UTF8*$!
{
	archiveVersion = 1;
	classes = {
	};
	objectVersion = 46;
	objects = {

/* Begin PBXBuildFile section */
		E019EAF81E1F3F91004706DD /* AppDelegate.swift in Sources */ = {isa = PBXBuildFile; fileRef = E019EAF71E1F3F91004706DD /* AppDelegate.swift */; };
		E019EAFA1E1F3F91004706DD /* ViewController.swift in Sources */ = {isa = PBXBuildFile; fileRef = E019EAF91E1F3F91004706DD /* ViewController.swift */; };
		E019EAFD1E1F3F91004706DD /* Main.storyboard in Resources */ = {isa = PBXBuildFile; fileRef = E019EAFB1E1F3F91004706DD /* Main.storyboard */; };
		E019EAFF1E1F3F91004706DD /* Assets.xcassets in Resources */ = {isa = PBXBuildFile; fileRef = E019EAFE1E1F3F91004706DD /* Assets.xcassets */; };
		E019EB021E1F3F91004706DD /* LaunchScreen.storyboard in Resources */ = {isa = PBXBuildFile; fileRef = E019EB001E1F3F91004706DD /* LaunchScreen.storyboard */; };
		E019EB0D1E1F3F91004706DD /* NoChat_Swift_ExampleTests.swift in Sources */ = {isa = PBXBuildFile; fileRef = E019EB0C1E1F3F91004706DD /* NoChat_Swift_ExampleTests.swift */; };
		E019EB181E1F3F91004706DD /* NoChat_Swift_ExampleUITests.swift in Sources */ = {isa = PBXBuildFile; fileRef = E019EB171E1F3F91004706DD /* NoChat_Swift_ExampleUITests.swift */; };
		F761FF0CFBAC477EEA684132 /* Pods_NoChat_Swift_Example.framework in Frameworks */ = {isa = PBXBuildFile; fileRef = F620EC5E214638830A7F8744 /* Pods_NoChat_Swift_Example.framework */; };
/* End PBXBuildFile section */

/* Begin PBXContainerItemProxy section */
		E019EB091E1F3F91004706DD /* PBXContainerItemProxy */ = {
			isa = PBXContainerItemProxy;
			containerPortal = E019EAEC1E1F3F91004706DD /* Project object */;
			proxyType = 1;
			remoteGlobalIDString = E019EAF31E1F3F91004706DD;
			remoteInfo = "NoChat-Swift-Example";
		};
		E019EB141E1F3F91004706DD /* PBXContainerItemProxy */ = {
			isa = PBXContainerItemProxy;
			containerPortal = E019EAEC1E1F3F91004706DD /* Project object */;
			proxyType = 1;
			remoteGlobalIDString = E019EAF31E1F3F91004706DD;
			remoteInfo = "NoChat-Swift-Example";
		};
/* End PBXContainerItemProxy section */

/* Begin PBXFileReference section */
		224008E8A259C9796DE715DC /* Pods-NoChat-Swift-Example.debug.xcconfig */ = {isa = PBXFileReference; includeInIndex = 1; lastKnownFileType = text.xcconfig; name = "Pods-NoChat-Swift-Example.debug.xcconfig"; path = "Pods/Target Support Files/Pods-NoChat-Swift-Example/Pods-NoChat-Swift-Example.debug.xcconfig"; sourceTree = "<group>"; };
		E019EAF41E1F3F91004706DD /* NoChat-Swift-Example.app */ = {isa = PBXFileReference; explicitFileType = wrapper.application; includeInIndex = 0; path = "NoChat-Swift-Example.app"; sourceTree = BUILT_PRODUCTS_DIR; };
		E019EAF71E1F3F91004706DD /* AppDelegate.swift */ = {isa = PBXFileReference; lastKnownFileType = sourcecode.swift; path = AppDelegate.swift; sourceTree = "<group>"; };
		E019EAF91E1F3F91004706DD /* ViewController.swift */ = {isa = PBXFileReference; lastKnownFileType = sourcecode.swift; path = ViewController.swift; sourceTree = "<group>"; };
		E019EAFC1E1F3F91004706DD /* Base */ = {isa = PBXFileReference; lastKnownFileType = file.storyboard; name = Base; path = Base.lproj/Main.storyboard; sourceTree = "<group>"; };
		E019EAFE1E1F3F91004706DD /* Assets.xcassets */ = {isa = PBXFileReference; lastKnownFileType = folder.assetcatalog; path = Assets.xcassets; sourceTree = "<group>"; };
		E019EB011E1F3F91004706DD /* Base */ = {isa = PBXFileReference; lastKnownFileType = file.storyboard; name = Base; path = Base.lproj/LaunchScreen.storyboard; sourceTree = "<group>"; };
		E019EB031E1F3F91004706DD /* Info.plist */ = {isa = PBXFileReference; lastKnownFileType = text.plist.xml; path = Info.plist; sourceTree = "<group>"; };
		E019EB081E1F3F91004706DD /* NoChat-Swift-ExampleTests.xctest */ = {isa = PBXFileReference; explicitFileType = wrapper.cfbundle; includeInIndex = 0; path = "NoChat-Swift-ExampleTests.xctest"; sourceTree = BUILT_PRODUCTS_DIR; };
		E019EB0C1E1F3F91004706DD /* NoChat_Swift_ExampleTests.swift */ = {isa = PBXFileReference; lastKnownFileType = sourcecode.swift; path = NoChat_Swift_ExampleTests.swift; sourceTree = "<group>"; };
		E019EB0E1E1F3F91004706DD /* Info.plist */ = {isa = PBXFileReference; lastKnownFileType = text.plist.xml; path = Info.plist; sourceTree = "<group>"; };
		E019EB131E1F3F91004706DD /* NoChat-Swift-ExampleUITests.xctest */ = {isa = PBXFileReference; explicitFileType = wrapper.cfbundle; includeInIndex = 0; path = "NoChat-Swift-ExampleUITests.xctest"; sourceTree = BUILT_PRODUCTS_DIR; };
		E019EB171E1F3F91004706DD /* NoChat_Swift_ExampleUITests.swift */ = {isa = PBXFileReference; lastKnownFileType = sourcecode.swift; path = NoChat_Swift_ExampleUITests.swift; sourceTree = "<group>"; };
		E019EB191E1F3F91004706DD /* Info.plist */ = {isa = PBXFileReference; lastKnownFileType = text.plist.xml; path = Info.plist; sourceTree = "<group>"; };
		E2F37360C530BAA1DC25E868 /* Pods-NoChat-Swift-Example.release.xcconfig */ = {isa = PBXFileReference; includeInIndex = 1; lastKnownFileType = text.xcconfig; name = "Pods-NoChat-Swift-Example.release.xcconfig"; path = "Pods/Target Support Files/Pods-NoChat-Swift-Example/Pods-NoChat-Swift-Example.release.xcconfig"; sourceTree = "<group>"; };
		F620EC5E214638830A7F8744 /* Pods_NoChat_Swift_Example.framework */ = {isa = PBXFileReference; explicitFileType = wrapper.framework; includeInIndex = 0; path = Pods_NoChat_Swift_Example.framework; sourceTree = BUILT_PRODUCTS_DIR; };
/* End PBXFileReference section */

/* Begin PBXFrameworksBuildPhase section */
		E019EAF11E1F3F91004706DD /* Frameworks */ = {
			isa = PBXFrameworksBuildPhase;
			buildActionMask = 2147483647;
			files = (
				F761FF0CFBAC477EEA684132 /* Pods_NoChat_Swift_Example.framework in Frameworks */,
			);
			runOnlyForDeploymentPostprocessing = 0;
		};
		E019EB051E1F3F91004706DD /* Frameworks */ = {
			isa = PBXFrameworksBuildPhase;
			buildActionMask = 2147483647;
			files = (
			);
			runOnlyForDeploymentPostprocessing = 0;
		};
		E019EB101E1F3F91004706DD /* Frameworks */ = {
			isa = PBXFrameworksBuildPhase;
			buildActionMask = 2147483647;
			files = (
			);
			runOnlyForDeploymentPostprocessing = 0;
		};
/* End PBXFrameworksBuildPhase section */

/* Begin PBXGroup section */
		3CC61D5EA113F05D943C4CFE /* Frameworks */ = {
			isa = PBXGroup;
			children = (
				F620EC5E214638830A7F8744 /* Pods_NoChat_Swift_Example.framework */,
			);
			name = Frameworks;
			sourceTree = "<group>";
		};
		BFA6CC91E57C6A6B1D6E4EF2 /* Pods */ = {
			isa = PBXGroup;
			children = (
				224008E8A259C9796DE715DC /* Pods-NoChat-Swift-Example.debug.xcconfig */,
				E2F37360C530BAA1DC25E868 /* Pods-NoChat-Swift-Example.release.xcconfig */,
			);
			name = Pods;
			sourceTree = "<group>";
		};
		E019EAEB1E1F3F91004706DD = {
			isa = PBXGroup;
			children = (
				E019EAF61E1F3F91004706DD /* NoChat-Swift-Example */,
				E019EB0B1E1F3F91004706DD /* NoChat-Swift-ExampleTests */,
				E019EB161E1F3F91004706DD /* NoChat-Swift-ExampleUITests */,
				E019EAF51E1F3F91004706DD /* Products */,
				BFA6CC91E57C6A6B1D6E4EF2 /* Pods */,
				3CC61D5EA113F05D943C4CFE /* Frameworks */,
			);
			sourceTree = "<group>";
		};
		E019EAF51E1F3F91004706DD /* Products */ = {
			isa = PBXGroup;
			children = (
				E019EAF41E1F3F91004706DD /* NoChat-Swift-Example.app */,
				E019EB081E1F3F91004706DD /* NoChat-Swift-ExampleTests.xctest */,
				E019EB131E1F3F91004706DD /* NoChat-Swift-ExampleUITests.xctest */,
			);
			name = Products;
			sourceTree = "<group>";
		};
		E019EAF61E1F3F91004706DD /* NoChat-Swift-Example */ = {
			isa = PBXGroup;
			children = (
				E019EAF71E1F3F91004706DD /* AppDelegate.swift */,
				E019EAF91E1F3F91004706DD /* ViewController.swift */,
				E019EAFB1E1F3F91004706DD /* Main.storyboard */,
				E019EAFE1E1F3F91004706DD /* Assets.xcassets */,
				E019EB001E1F3F91004706DD /* LaunchScreen.storyboard */,
				E019EB031E1F3F91004706DD /* Info.plist */,
			);
			path = "NoChat-Swift-Example";
			sourceTree = "<group>";
		};
		E019EB0B1E1F3F91004706DD /* NoChat-Swift-ExampleTests */ = {
			isa = PBXGroup;
			children = (
				E019EB0C1E1F3F91004706DD /* NoChat_Swift_ExampleTests.swift */,
				E019EB0E1E1F3F91004706DD /* Info.plist */,
			);
			path = "NoChat-Swift-ExampleTests";
			sourceTree = "<group>";
		};
		E019EB161E1F3F91004706DD /* NoChat-Swift-ExampleUITests */ = {
			isa = PBXGroup;
			children = (
				E019EB171E1F3F91004706DD /* NoChat_Swift_ExampleUITests.swift */,
				E019EB191E1F3F91004706DD /* Info.plist */,
			);
			path = "NoChat-Swift-ExampleUITests";
			sourceTree = "<group>";
		};
/* End PBXGroup section */

/* Begin PBXNativeTarget section */
		E019EAF31E1F3F91004706DD /* NoChat-Swift-Example */ = {
			isa = PBXNativeTarget;
			buildConfigurationList = E019EB1C1E1F3F91004706DD /* Build configuration list for PBXNativeTarget "NoChat-Swift-Example" */;
			buildPhases = (
				3EE4A88FC0A0226851E6DA3F /* [CP] Check Pods Manifest.lock */,
				E019EAF01E1F3F91004706DD /* Sources */,
				E019EAF11E1F3F91004706DD /* Frameworks */,
				E019EAF21E1F3F91004706DD /* Resources */,
				2BE93E42BDD7BBEDA0156D2B /* [CP] Embed Pods Frameworks */,
				5842A39AF98A6A28E2C1E493 /* [CP] Copy Pods Resources */,
			);
			buildRules = (
			);
			dependencies = (
			);
			name = "NoChat-Swift-Example";
			productName = "NoChat-Swift-Example";
			productReference = E019EAF41E1F3F91004706DD /* NoChat-Swift-Example.app */;
			productType = "com.apple.product-type.application";
		};
		E019EB071E1F3F91004706DD /* NoChat-Swift-ExampleTests */ = {
			isa = PBXNativeTarget;
			buildConfigurationList = E019EB1F1E1F3F91004706DD /* Build configuration list for PBXNativeTarget "NoChat-Swift-ExampleTests" */;
			buildPhases = (
				E019EB041E1F3F91004706DD /* Sources */,
				E019EB051E1F3F91004706DD /* Frameworks */,
				E019EB061E1F3F91004706DD /* Resources */,
			);
			buildRules = (
			);
			dependencies = (
				E019EB0A1E1F3F91004706DD /* PBXTargetDependency */,
			);
			name = "NoChat-Swift-ExampleTests";
			productName = "NoChat-Swift-ExampleTests";
			productReference = E019EB081E1F3F91004706DD /* NoChat-Swift-ExampleTests.xctest */;
			productType = "com.apple.product-type.bundle.unit-test";
		};
		E019EB121E1F3F91004706DD /* NoChat-Swift-ExampleUITests */ = {
			isa = PBXNativeTarget;
			buildConfigurationList = E019EB221E1F3F91004706DD /* Build configuration list for PBXNativeTarget "NoChat-Swift-ExampleUITests" */;
			buildPhases = (
				E019EB0F1E1F3F91004706DD /* Sources */,
				E019EB101E1F3F91004706DD /* Frameworks */,
				E019EB111E1F3F91004706DD /* Resources */,
			);
			buildRules = (
			);
			dependencies = (
				E019EB151E1F3F91004706DD /* PBXTargetDependency */,
			);
			name = "NoChat-Swift-ExampleUITests";
			productName = "NoChat-Swift-ExampleUITests";
			productReference = E019EB131E1F3F91004706DD /* NoChat-Swift-ExampleUITests.xctest */;
			productType = "com.apple.product-type.bundle.ui-testing";
		};
/* End PBXNativeTarget section */

/* Begin PBXProject section */
		E019EAEC1E1F3F91004706DD /* Project object */ = {
			isa = PBXProject;
			attributes = {
				LastSwiftUpdateCheck = 0820;
				LastUpgradeCheck = 0820;
				ORGANIZATIONNAME = little2s;
				TargetAttributes = {
					E019EAF31E1F3F91004706DD = {
						CreatedOnToolsVersion = 8.2;
						DevelopmentTeam = YGG9VRRGFV;
						ProvisioningStyle = Automatic;
					};
					E019EB071E1F3F91004706DD = {
						CreatedOnToolsVersion = 8.2;
						DevelopmentTeam = YGG9VRRGFV;
						ProvisioningStyle = Automatic;
						TestTargetID = E019EAF31E1F3F91004706DD;
					};
					E019EB121E1F3F91004706DD = {
						CreatedOnToolsVersion = 8.2;
						DevelopmentTeam = YGG9VRRGFV;
						ProvisioningStyle = Automatic;
						TestTargetID = E019EAF31E1F3F91004706DD;
					};
				};
			};
			buildConfigurationList = E019EAEF1E1F3F91004706DD /* Build configuration list for PBXProject "NoChat-Swift-Example" */;
			compatibilityVersion = "Xcode 3.2";
			developmentRegion = English;
			hasScannedForEncodings = 0;
			knownRegions = (
				en,
				Base,
			);
			mainGroup = E019EAEB1E1F3F91004706DD;
			productRefGroup = E019EAF51E1F3F91004706DD /* Products */;
			projectDirPath = "";
			projectRoot = "";
			targets = (
				E019EAF31E1F3F91004706DD /* NoChat-Swift-Example */,
				E019EB071E1F3F91004706DD /* NoChat-Swift-ExampleTests */,
				E019EB121E1F3F91004706DD /* NoChat-Swift-ExampleUITests */,
			);
		};
/* End PBXProject section */

/* Begin PBXResourcesBuildPhase section */
		E019EAF21E1F3F91004706DD /* Resources */ = {
			isa = PBXResourcesBuildPhase;
			buildActionMask = 2147483647;
			files = (
				E019EB021E1F3F91004706DD /* LaunchScreen.storyboard in Resources */,
				E019EAFF1E1F3F91004706DD /* Assets.xcassets in Resources */,
				E019EAFD1E1F3F91004706DD /* Main.storyboard in Resources */,
			);
			runOnlyForDeploymentPostprocessing = 0;
		};
		E019EB061E1F3F91004706DD /* Resources */ = {
			isa = PBXResourcesBuildPhase;
			buildActionMask = 2147483647;
			files = (
			);
			runOnlyForDeploymentPostprocessing = 0;
		};
		E019EB111E1F3F91004706DD /* Resources */ = {
			isa = PBXResourcesBuildPhase;
			buildActionMask = 2147483647;
			files = (
			);
			runOnlyForDeploymentPostprocessing = 0;
		};
/* End PBXResourcesBuildPhase section */

/* Begin PBXShellScriptBuildPhase section */
		2BE93E42BDD7BBEDA0156D2B /* [CP] Embed Pods Frameworks */ = {
			isa = PBXShellScriptBuildPhase;
			buildActionMask = 2147483647;
			files = (
			);
			inputPaths = (
			);
			name = "[CP] Embed Pods Frameworks";
			outputPaths = (
			);
			runOnlyForDeploymentPostprocessing = 0;
			shellPath = /bin/sh;
			shellScript = "\"${SRCROOT}/Pods/Target Support Files/Pods-NoChat-Swift-Example/Pods-NoChat-Swift-Example-frameworks.sh\"\n";
			showEnvVarsInLog = 0;
		};
		3EE4A88FC0A0226851E6DA3F /* [CP] Check Pods Manifest.lock */ = {
			isa = PBXShellScriptBuildPhase;
			buildActionMask = 2147483647;
			files = (
			);
			inputPaths = (
			);
			name = "[CP] Check Pods Manifest.lock";
			outputPaths = (
			);
			runOnlyForDeploymentPostprocessing = 0;
			shellPath = /bin/sh;
			shellScript = "diff \"${PODS_ROOT}/../Podfile.lock\" \"${PODS_ROOT}/Manifest.lock\" > /dev/null\nif [ $? != 0 ] ; then\n    # print error to STDERR\n    echo \"error: The sandbox is not in sync with the Podfile.lock. Run 'pod install' or update your CocoaPods installation.\" >&2\n    exit 1\nfi\n";
			showEnvVarsInLog = 0;
		};
		5842A39AF98A6A28E2C1E493 /* [CP] Copy Pods Resources */ = {
			isa = PBXShellScriptBuildPhase;
			buildActionMask = 2147483647;
			files = (
			);
			inputPaths = (
			);
			name = "[CP] Copy Pods Resources";
			outputPaths = (
			);
			runOnlyForDeploymentPostprocessing = 0;
			shellPath = /bin/sh;
			shellScript = "\"${SRCROOT}/Pods/Target Support Files/Pods-NoChat-Swift-Example/Pods-NoChat-Swift-Example-resources.sh\"\n";
			showEnvVarsInLog = 0;
		};
/* End PBXShellScriptBuildPhase section */

/* Begin PBXSourcesBuildPhase section */
		E019EAF01E1F3F91004706DD /* Sources */ = {
			isa = PBXSourcesBuildPhase;
			buildActionMask = 2147483647;
			files = (
				E019EAFA1E1F3F91004706DD /* ViewController.swift in Sources */,
				E019EAF81E1F3F91004706DD /* AppDelegate.swift in Sources */,
			);
			runOnlyForDeploymentPostprocessing = 0;
		};
		E019EB041E1F3F91004706DD /* Sources */ = {
			isa = PBXSourcesBuildPhase;
			buildActionMask = 2147483647;
			files = (
				E019EB0D1E1F3F91004706DD /* NoChat_Swift_ExampleTests.swift in Sources */,
			);
			runOnlyForDeploymentPostprocessing = 0;
		};
		E019EB0F1E1F3F91004706DD /* Sources */ = {
			isa = PBXSourcesBuildPhase;
			buildActionMask = 2147483647;
			files = (
				E019EB181E1F3F91004706DD /* NoChat_Swift_ExampleUITests.swift in Sources */,
			);
			runOnlyForDeploymentPostprocessing = 0;
		};
/* End PBXSourcesBuildPhase section */

/* Begin PBXTargetDependency section */
		E019EB0A1E1F3F91004706DD /* PBXTargetDependency */ = {
			isa = PBXTargetDependency;
			target = E019EAF31E1F3F91004706DD /* NoChat-Swift-Example */;
			targetProxy = E019EB091E1F3F91004706DD /* PBXContainerItemProxy */;
		};
		E019EB151E1F3F91004706DD /* PBXTargetDependency */ = {
			isa = PBXTargetDependency;
			target = E019EAF31E1F3F91004706DD /* NoChat-Swift-Example */;
			targetProxy = E019EB141E1F3F91004706DD /* PBXContainerItemProxy */;
		};
/* End PBXTargetDependency section */

/* Begin PBXVariantGroup section */
		E019EAFB1E1F3F91004706DD /* Main.storyboard */ = {
			isa = PBXVariantGroup;
			children = (
				E019EAFC1E1F3F91004706DD /* Base */,
			);
			name = Main.storyboard;
			sourceTree = "<group>";
		};
		E019EB001E1F3F91004706DD /* LaunchScreen.storyboard */ = {
			isa = PBXVariantGroup;
			children = (
				E019EB011E1F3F91004706DD /* Base */,
			);
			name = LaunchScreen.storyboard;
			sourceTree = "<group>";
		};
/* End PBXVariantGroup section */

/* Begin XCBuildConfiguration section */
		E019EB1A1E1F3F91004706DD /* Debug */ = {
			isa = XCBuildConfiguration;
			buildSettings = {
				ALWAYS_SEARCH_USER_PATHS = NO;
				CLANG_ANALYZER_NONNULL = YES;
				CLANG_CXX_LANGUAGE_STANDARD = "gnu++0x";
				CLANG_CXX_LIBRARY = "libc++";
				CLANG_ENABLE_MODULES = YES;
				CLANG_ENABLE_OBJC_ARC = YES;
				CLANG_WARN_BOOL_CONVERSION = YES;
				CLANG_WARN_CONSTANT_CONVERSION = YES;
				CLANG_WARN_DIRECT_OBJC_ISA_USAGE = YES_ERROR;
				CLANG_WARN_DOCUMENTATION_COMMENTS = YES;
				CLANG_WARN_EMPTY_BODY = YES;
				CLANG_WARN_ENUM_CONVERSION = YES;
				CLANG_WARN_INFINITE_RECURSION = YES;
				CLANG_WARN_INT_CONVERSION = YES;
				CLANG_WARN_OBJC_ROOT_CLASS = YES_ERROR;
				CLANG_WARN_SUSPICIOUS_MOVE = YES;
				CLANG_WARN_UNREACHABLE_CODE = YES;
				CLANG_WARN__DUPLICATE_METHOD_MATCH = YES;
				"CODE_SIGN_IDENTITY[sdk=iphoneos*]" = "iPhone Developer";
				COPY_PHASE_STRIP = NO;
				DEBUG_INFORMATION_FORMAT = dwarf;
				ENABLE_STRICT_OBJC_MSGSEND = YES;
				ENABLE_TESTABILITY = YES;
				GCC_C_LANGUAGE_STANDARD = gnu99;
				GCC_DYNAMIC_NO_PIC = NO;
				GCC_NO_COMMON_BLOCKS = YES;
				GCC_OPTIMIZATION_LEVEL = 0;
				GCC_PREPROCESSOR_DEFINITIONS = (
					"DEBUG=1",
					"$(inherited)",
				);
				GCC_WARN_64_TO_32_BIT_CONVERSION = YES;
				GCC_WARN_ABOUT_RETURN_TYPE = YES_ERROR;
				GCC_WARN_UNDECLARED_SELECTOR = YES;
				GCC_WARN_UNINITIALIZED_AUTOS = YES_AGGRESSIVE;
				GCC_WARN_UNUSED_FUNCTION = YES;
				GCC_WARN_UNUSED_VARIABLE = YES;
				IPHONEOS_DEPLOYMENT_TARGET = 8.0;
				MTL_ENABLE_DEBUG_INFO = YES;
				ONLY_ACTIVE_ARCH = YES;
				SDKROOT = iphoneos;
				SWIFT_ACTIVE_COMPILATION_CONDITIONS = DEBUG;
				SWIFT_OPTIMIZATION_LEVEL = "-Onone";
				TARGETED_DEVICE_FAMILY = "1,2";
			};
			name = Debug;
		};
		E019EB1B1E1F3F91004706DD /* Release */ = {
			isa = XCBuildConfiguration;
			buildSettings = {
				ALWAYS_SEARCH_USER_PATHS = NO;
				CLANG_ANALYZER_NONNULL = YES;
				CLANG_CXX_LANGUAGE_STANDARD = "gnu++0x";
				CLANG_CXX_LIBRARY = "libc++";
				CLANG_ENABLE_MODULES = YES;
				CLANG_ENABLE_OBJC_ARC = YES;
				CLANG_WARN_BOOL_CONVERSION = YES;
				CLANG_WARN_CONSTANT_CONVERSION = YES;
				CLANG_WARN_DIRECT_OBJC_ISA_USAGE = YES_ERROR;
				CLANG_WARN_DOCUMENTATION_COMMENTS = YES;
				CLANG_WARN_EMPTY_BODY = YES;
				CLANG_WARN_ENUM_CONVERSION = YES;
				CLANG_WARN_INFINITE_RECURSION = YES;
				CLANG_WARN_INT_CONVERSION = YES;
				CLANG_WARN_OBJC_ROOT_CLASS = YES_ERROR;
				CLANG_WARN_SUSPICIOUS_MOVE = YES;
				CLANG_WARN_UNREACHABLE_CODE = YES;
				CLANG_WARN__DUPLICATE_METHOD_MATCH = YES;
				"CODE_SIGN_IDENTITY[sdk=iphoneos*]" = "iPhone Developer";
				COPY_PHASE_STRIP = NO;
				DEBUG_INFORMATION_FORMAT = "dwarf-with-dsym";
				ENABLE_NS_ASSERTIONS = NO;
				ENABLE_STRICT_OBJC_MSGSEND = YES;
				GCC_C_LANGUAGE_STANDARD = gnu99;
				GCC_NO_COMMON_BLOCKS = YES;
				GCC_WARN_64_TO_32_BIT_CONVERSION = YES;
				GCC_WARN_ABOUT_RETURN_TYPE = YES_ERROR;
				GCC_WARN_UNDECLARED_SELECTOR = YES;
				GCC_WARN_UNINITIALIZED_AUTOS = YES_AGGRESSIVE;
				GCC_WARN_UNUSED_FUNCTION = YES;
				GCC_WARN_UNUSED_VARIABLE = YES;
				IPHONEOS_DEPLOYMENT_TARGET = 8.0;
				MTL_ENABLE_DEBUG_INFO = NO;
				SDKROOT = iphoneos;
				SWIFT_OPTIMIZATION_LEVEL = "-Owholemodule";
				TARGETED_DEVICE_FAMILY = "1,2";
				VALIDATE_PRODUCT = YES;
			};
			name = Release;
		};
		E019EB1D1E1F3F91004706DD /* Debug */ = {
			isa = XCBuildConfiguration;
			baseConfigurationReference = 224008E8A259C9796DE715DC /* Pods-NoChat-Swift-Example.debug.xcconfig */;
			buildSettings = {
				ASSETCATALOG_COMPILER_APPICON_NAME = AppIcon;
				DEVELOPMENT_TEAM = YGG9VRRGFV;
				INFOPLIST_FILE = "NoChat-Swift-Example/Info.plist";
				LD_RUNPATH_SEARCH_PATHS = "$(inherited) @executable_path/Frameworks";
				PRODUCT_BUNDLE_IDENTIFIER = "com.little2s.NoChat-Swift-Example";
				PRODUCT_NAME = "$(TARGET_NAME)";
				SWIFT_VERSION = 3.0;
			};
			name = Debug;
		};
		E019EB1E1E1F3F91004706DD /* Release */ = {
			isa = XCBuildConfiguration;
			baseConfigurationReference = E2F37360C530BAA1DC25E868 /* Pods-NoChat-Swift-Example.release.xcconfig */;
			buildSettings = {
				ASSETCATALOG_COMPILER_APPICON_NAME = AppIcon;
				DEVELOPMENT_TEAM = YGG9VRRGFV;
				INFOPLIST_FILE = "NoChat-Swift-Example/Info.plist";
				LD_RUNPATH_SEARCH_PATHS = "$(inherited) @executable_path/Frameworks";
				PRODUCT_BUNDLE_IDENTIFIER = "com.little2s.NoChat-Swift-Example";
				PRODUCT_NAME = "$(TARGET_NAME)";
				SWIFT_VERSION = 3.0;
			};
			name = Release;
		};
		E019EB201E1F3F91004706DD /* Debug */ = {
			isa = XCBuildConfiguration;
			buildSettings = {
				ALWAYS_EMBED_SWIFT_STANDARD_LIBRARIES = YES;
				BUNDLE_LOADER = "$(TEST_HOST)";
				DEVELOPMENT_TEAM = YGG9VRRGFV;
				INFOPLIST_FILE = "NoChat-Swift-ExampleTests/Info.plist";
				LD_RUNPATH_SEARCH_PATHS = "$(inherited) @executable_path/Frameworks @loader_path/Frameworks";
				PRODUCT_BUNDLE_IDENTIFIER = "com.little2s.NoChat-Swift-ExampleTests";
				PRODUCT_NAME = "$(TARGET_NAME)";
				SWIFT_VERSION = 3.0;
				TEST_HOST = "$(BUILT_PRODUCTS_DIR)/NoChat-Swift-Example.app/NoChat-Swift-Example";
			};
			name = Debug;
		};
		E019EB211E1F3F91004706DD /* Release */ = {
			isa = XCBuildConfiguration;
			buildSettings = {
				ALWAYS_EMBED_SWIFT_STANDARD_LIBRARIES = YES;
				BUNDLE_LOADER = "$(TEST_HOST)";
				DEVELOPMENT_TEAM = YGG9VRRGFV;
				INFOPLIST_FILE = "NoChat-Swift-ExampleTests/Info.plist";
				LD_RUNPATH_SEARCH_PATHS = "$(inherited) @executable_path/Frameworks @loader_path/Frameworks";
				PRODUCT_BUNDLE_IDENTIFIER = "com.little2s.NoChat-Swift-ExampleTests";
				PRODUCT_NAME = "$(TARGET_NAME)";
				SWIFT_VERSION = 3.0;
				TEST_HOST = "$(BUILT_PRODUCTS_DIR)/NoChat-Swift-Example.app/NoChat-Swift-Example";
			};
			name = Release;
		};
		E019EB231E1F3F91004706DD /* Debug */ = {
			isa = XCBuildConfiguration;
			buildSettings = {
				ALWAYS_EMBED_SWIFT_STANDARD_LIBRARIES = YES;
				DEVELOPMENT_TEAM = YGG9VRRGFV;
				INFOPLIST_FILE = "NoChat-Swift-ExampleUITests/Info.plist";
				LD_RUNPATH_SEARCH_PATHS = "$(inherited) @executable_path/Frameworks @loader_path/Frameworks";
				PRODUCT_BUNDLE_IDENTIFIER = "com.little2s.NoChat-Swift-ExampleUITests";
				PRODUCT_NAME = "$(TARGET_NAME)";
				SWIFT_VERSION = 3.0;
				TEST_TARGET_NAME = "NoChat-Swift-Example";
			};
			name = Debug;
		};
		E019EB241E1F3F91004706DD /* Release */ = {
			isa = XCBuildConfiguration;
			buildSettings = {
				ALWAYS_EMBED_SWIFT_STANDARD_LIBRARIES = YES;
				DEVELOPMENT_TEAM = YGG9VRRGFV;
				INFOPLIST_FILE = "NoChat-Swift-ExampleUITests/Info.plist";
				LD_RUNPATH_SEARCH_PATHS = "$(inherited) @executable_path/Frameworks @loader_path/Frameworks";
				PRODUCT_BUNDLE_IDENTIFIER = "com.little2s.NoChat-Swift-ExampleUITests";
				PRODUCT_NAME = "$(TARGET_NAME)";
				SWIFT_VERSION = 3.0;
				TEST_TARGET_NAME = "NoChat-Swift-Example";
			};
			name = Release;
		};
/* End XCBuildConfiguration section */

/* Begin XCConfigurationList section */
		E019EAEF1E1F3F91004706DD /* Build configuration list for PBXProject "NoChat-Swift-Example" */ = {
			isa = XCConfigurationList;
			buildConfigurations = (
				E019EB1A1E1F3F91004706DD /* Debug */,
				E019EB1B1E1F3F91004706DD /* Release */,
			);
			defaultConfigurationIsVisible = 0;
			defaultConfigurationName = Release;
		};
		E019EB1C1E1F3F91004706DD /* Build configuration list for PBXNativeTarget "NoChat-Swift-Example" */ = {
			isa = XCConfigurationList;
			buildConfigurations = (
				E019EB1D1E1F3F91004706DD /* Debug */,
				E019EB1E1E1F3F91004706DD /* Release */,
			);
			defaultConfigurationIsVisible = 0;
		};
		E019EB1F1E1F3F91004706DD /* Build configuration list for PBXNativeTarget "NoChat-Swift-ExampleTests" */ = {
			isa = XCConfigurationList;
			buildConfigurations = (
				E019EB201E1F3F91004706DD /* Debug */,
				E019EB211E1F3F91004706DD /* Release */,
			);
			defaultConfigurationIsVisible = 0;
		};
		E019EB221E1F3F91004706DD /* Build configuration list for PBXNativeTarget "NoChat-Swift-ExampleUITests" */ = {
			isa = XCConfigurationList;
			buildConfigurations = (
				E019EB231E1F3F91004706DD /* Debug */,
				E019EB241E1F3F91004706DD /* Release */,
			);
			defaultConfigurationIsVisible = 0;
		};
/* End XCConfigurationList section */
	};
	rootObject = E019EAEC1E1F3F91004706DD /* Project object */;
}
