PODS:
  - BTree (4.0.1)
  - LoremIpsum (1.0.0)
  - NoChat (0.2.2):
    - BTree (~> 4.0.1)
  - NoChatMM (0.2.2):
    - NoChat (~> 0.2)
  - NoChatSLK (0.2.2):
    - NoChat (~> 0.2)
  - NoChatTG (0.2.2):
    - NoChat (~> 0.2)

DEPENDENCIES:
  - LoremIpsum
  - NoChat (from `../`)
  - NoChatMM (from `../`)
  - NoChatSLK (from `../`)
  - NoChatTG (from `../`)

EXTERNAL SOURCES:
  NoChat:
    :path: ../
  NoChatMM:
    :path: ../
  NoChatSLK:
    :path: ../
  NoChatTG:
    :path: ../

SPEC CHECKSUMS:
  BTree: f6636bd634bb8c9aeb4746ef79df1afb3c196c2e
  LoremIpsum: 9029c55d36501b2ee0b05cc9ecda11d3a0479160
  NoChat: d346c1f4ad986584c8ee59686f275b76858c25a3
  NoChatMM: 91de227ce9d4581815da09df1d65201f35646e06
  NoChatSLK: c6456e1ad74261f585ff685f5d85f72bdc782774
  NoChatTG: 755148d4f7513b13b24643ef81e9efdd6830279f

PODFILE CHECKSUM: e1de7cdd87b595d88828be1664d76eeae05d5a74

COCOAPODS: 1.1.1
