PODS:
  - NoChat (0.1.0)
  - NoChatMM (0.1.0):
    - NoChat (~> 0.1)
  - NoChatSLK (0.1.0):
    - NoChat (~> 0.1)
  - NoChatTG (0.1.0):
    - NoChat (~> 0.1)

DEPENDENCIES:
  - NoChat (from `../`)
  - NoChatMM (from `../`)
  - NoChatSLK (from `../`)
  - NoChatTG (from `../`)

EXTERNAL SOURCES:
  NoChat:
    :path: ../
  NoChatMM:
    :path: ../
  NoChatSLK:
    :path: ../
  NoChatTG:
    :path: ../

SPEC CHECKSUMS:
  NoChat: 75412667587e0a92d3f364298ea90b8b25a7ca31
  NoChatMM: 26217b71b04928f9271c55cd9989b50b2841a075
  NoChatSLK: dae544af47841330db2c97132db9245c7548c261
  NoChatTG: c5a965b77c74189df4d4d410c4a12b410e19bab3

COCOAPODS: 0.39.0
