// !$*UTF8*$!
{
	archiveVersion = 1;
	classes = {
	};
	objectVersion = 46;
	objects = {

/* Begin PBXBuildFile section */
		E01F7E481CFD37CF008D771F /* NoChatMM.h in Headers */ = {isa = PBXBuildFile; fileRef = E01F7E461CFD37CF008D771F /* NoChatMM.h */; settings = {ATTRIBUTES = (Public, ); }; };
		E01F7E5C1CFD389B008D771F /* NoChat.framework in Frameworks */ = {isa = PBXBuildFile; fileRef = E01F7E591CFD3896008D771F /* NoChat.framework */; };
		E01F7E701CFD3E3B008D771F /* ColorUtils.swift in Sources */ = {isa = PBXBuildFile; fileRef = E01F7E691CFD3E3B008D771F /* ColorUtils.swift */; };
		E01F7E711CFD3E3B008D771F /* ImageFactory.swift in Sources */ = {isa = PBXBuildFile; fileRef = E01F7E6A1CFD3E3B008D771F /* ImageFactory.swift */; };
		E01F7E721CFD3E3B008D771F /* ImageUtils.swift in Sources */ = {isa = PBXBuildFile; fileRef = E01F7E6B1CFD3E3B008D771F /* ImageUtils.swift */; };
		E01F7E731CFD3E3B008D771F /* KeyboardMan.swift in Sources */ = {isa = PBXBuildFile; fileRef = E01F7E6C1CFD3E3B008D771F /* KeyboardMan.swift */; };
		E01F7E741CFD3E3B008D771F /* ManualLayoutUtils.swift in Sources */ = {isa = PBXBuildFile; fileRef = E01F7E6D1CFD3E3B008D771F /* ManualLayoutUtils.swift */; };
		E01F7E751CFD3E3B008D771F /* Observable.swift in Sources */ = {isa = PBXBuildFile; fileRef = E01F7E6E1CFD3E3B008D771F /* Observable.swift */; };
		E01F7E761CFD3E3B008D771F /* ThreadHelper.swift in Sources */ = {isa = PBXBuildFile; fileRef = E01F7E6F1CFD3E3B008D771F /* ThreadHelper.swift */; };
		E01F7E781CFD5D4D008D771F /* ChatInputViewController.swift in Sources */ = {isa = PBXBuildFile; fileRef = E01F7E771CFD5D4D008D771F /* ChatInputViewController.swift */; };
		E01F7E7B1CFD5D7A008D771F /* GrowTextView.swift in Sources */ = {isa = PBXBuildFile; fileRef = E01F7E7A1CFD5D7A008D771F /* GrowTextView.swift */; };
		E01F7E7D1CFD5EF5008D771F /* NoChatMM.xcassets in Resources */ = {isa = PBXBuildFile; fileRef = E01F7E7C1CFD5EF5008D771F /* NoChatMM.xcassets */; };
		E01F7E821CFD67B1008D771F /* Message.swift in Sources */ = {isa = PBXBuildFile; fileRef = E01F7E801CFD67B1008D771F /* Message.swift */; };
		E01F7E831CFD67B1008D771F /* MessageProtocol.swift in Sources */ = {isa = PBXBuildFile; fileRef = E01F7E811CFD67B1008D771F /* MessageProtocol.swift */; };
		E01F7E871CFD6A97008D771F /* ChatItemDecorationAttributes.swift in Sources */ = {isa = PBXBuildFile; fileRef = E01F7E861CFD6A97008D771F /* ChatItemDecorationAttributes.swift */; };
		E01F7E891CFD6AA5008D771F /* DateItem.swift in Sources */ = {isa = PBXBuildFile; fileRef = E01F7E881CFD6AA5008D771F /* DateItem.swift */; };
		E01F7E911CFD83E5008D771F /* ChatTextView.swift in Sources */ = {isa = PBXBuildFile; fileRef = E01F7E901CFD83E5008D771F /* ChatTextView.swift */; };
		E01F7E941CFD83FE008D771F /* ColorLabel.swift in Sources */ = {isa = PBXBuildFile; fileRef = E01F7E931CFD83FE008D771F /* ColorLabel.swift */; };
		E01F7E9A1CFD8461008D771F /* DateItemCollectionViewCell.swift in Sources */ = {isa = PBXBuildFile; fileRef = E01F7E991CFD8461008D771F /* DateItemCollectionViewCell.swift */; };
		E01F7E9D1CFD8473008D771F /* DateItemPresenter.swift in Sources */ = {isa = PBXBuildFile; fileRef = E01F7E9B1CFD8473008D771F /* DateItemPresenter.swift */; };
		E01F7E9E1CFD8473008D771F /* DateItemPresenterBuilder.swift in Sources */ = {isa = PBXBuildFile; fileRef = E01F7E9C1CFD8473008D771F /* DateItemPresenterBuilder.swift */; };
		E01F7EA11CFD89B7008D771F /* MessageCollectionViewCell.swift in Sources */ = {isa = PBXBuildFile; fileRef = E01F7EA01CFD89B7008D771F /* MessageCollectionViewCell.swift */; };
		E01F7EA41CFD89BE008D771F /* BubbleViewProtocol.swift in Sources */ = {isa = PBXBuildFile; fileRef = E01F7EA21CFD89BE008D771F /* BubbleViewProtocol.swift */; };
		E01F7EA51CFD89BE008D771F /* TextBubbleView.swift in Sources */ = {isa = PBXBuildFile; fileRef = E01F7EA31CFD89BE008D771F /* TextBubbleView.swift */; };
		E01F7EA91CFD8A28008D771F /* MessagePresenter.swift in Sources */ = {isa = PBXBuildFile; fileRef = E01F7EA71CFD8A28008D771F /* MessagePresenter.swift */; };
		E01F7EAA1CFD8A28008D771F /* MessagePresenterBuilder.swift in Sources */ = {isa = PBXBuildFile; fileRef = E01F7EA81CFD8A28008D771F /* MessagePresenterBuilder.swift */; };
		E01F7EAE1CFD8A32008D771F /* MessageViewModel.swift in Sources */ = {isa = PBXBuildFile; fileRef = E01F7EAB1CFD8A32008D771F /* MessageViewModel.swift */; };
		E01F7EAF1CFD8A32008D771F /* MessageViewModelProtocol.swift in Sources */ = {isa = PBXBuildFile; fileRef = E01F7EAC1CFD8A32008D771F /* MessageViewModelProtocol.swift */; };
		E01F7EB01CFD8A32008D771F /* TextMessageViewModel.swift in Sources */ = {isa = PBXBuildFile; fileRef = E01F7EAD1CFD8A32008D771F /* TextMessageViewModel.swift */; };
/* End PBXBuildFile section */

/* Begin PBXContainerItemProxy section */
		E01F7E581CFD3896008D771F /* PBXContainerItemProxy */ = {
			isa = PBXContainerItemProxy;
			containerPortal = E01F7E531CFD3896008D771F /* NoChat.xcodeproj */;
			proxyType = 2;
			remoteGlobalIDString = E0E6677F1CE0879200146301;
			remoteInfo = NoChat;
		};
		E01F7E5A1CFD3896008D771F /* PBXContainerItemProxy */ = {
			isa = PBXContainerItemProxy;
			containerPortal = E01F7E531CFD3896008D771F /* NoChat.xcodeproj */;
			proxyType = 2;
			remoteGlobalIDString = E0E667D31CE08F9100146301;
			remoteInfo = Tests;
		};
/* End PBXContainerItemProxy section */

/* Begin PBXFileReference section */
		E01F7E391CFD3791008D771F /* NoChatMM.framework */ = {isa = PBXFileReference; explicitFileType = wrapper.framework; includeInIndex = 0; path = NoChatMM.framework; sourceTree = BUILT_PRODUCTS_DIR; };
		E01F7E451CFD37CF008D771F /* Info.plist */ = {isa = PBXFileReference; fileEncoding = 4; lastKnownFileType = text.plist.xml; path = Info.plist; sourceTree = "<group>"; };
		E01F7E461CFD37CF008D771F /* NoChatMM.h */ = {isa = PBXFileReference; fileEncoding = 4; lastKnownFileType = sourcecode.c.h; path = NoChatMM.h; sourceTree = "<group>"; };
		E01F7E531CFD3896008D771F /* NoChat.xcodeproj */ = {isa = PBXFileReference; lastKnownFileType = "wrapper.pb-project"; name = NoChat.xcodeproj; path = ../NoChat/NoChat.xcodeproj; sourceTree = "<group>"; };
		E01F7E691CFD3E3B008D771F /* ColorUtils.swift */ = {isa = PBXFileReference; fileEncoding = 4; lastKnownFileType = sourcecode.swift; path = ColorUtils.swift; sourceTree = "<group>"; };
		E01F7E6A1CFD3E3B008D771F /* ImageFactory.swift */ = {isa = PBXFileReference; fileEncoding = 4; lastKnownFileType = sourcecode.swift; path = ImageFactory.swift; sourceTree = "<group>"; };
		E01F7E6B1CFD3E3B008D771F /* ImageUtils.swift */ = {isa = PBXFileReference; fileEncoding = 4; lastKnownFileType = sourcecode.swift; path = ImageUtils.swift; sourceTree = "<group>"; };
		E01F7E6C1CFD3E3B008D771F /* KeyboardMan.swift */ = {isa = PBXFileReference; fileEncoding = 4; lastKnownFileType = sourcecode.swift; path = KeyboardMan.swift; sourceTree = "<group>"; };
		E01F7E6D1CFD3E3B008D771F /* ManualLayoutUtils.swift */ = {isa = PBXFileReference; fileEncoding = 4; lastKnownFileType = sourcecode.swift; path = ManualLayoutUtils.swift; sourceTree = "<group>"; };
		E01F7E6E1CFD3E3B008D771F /* Observable.swift */ = {isa = PBXFileReference; fileEncoding = 4; lastKnownFileType = sourcecode.swift; path = Observable.swift; sourceTree = "<group>"; };
		E01F7E6F1CFD3E3B008D771F /* ThreadHelper.swift */ = {isa = PBXFileReference; fileEncoding = 4; lastKnownFileType = sourcecode.swift; path = ThreadHelper.swift; sourceTree = "<group>"; };
		E01F7E771CFD5D4D008D771F /* ChatInputViewController.swift */ = {isa = PBXFileReference; fileEncoding = 4; lastKnownFileType = sourcecode.swift; path = ChatInputViewController.swift; sourceTree = "<group>"; };
		E01F7E7A1CFD5D7A008D771F /* GrowTextView.swift */ = {isa = PBXFileReference; fileEncoding = 4; lastKnownFileType = sourcecode.swift; path = GrowTextView.swift; sourceTree = "<group>"; };
		E01F7E7C1CFD5EF5008D771F /* NoChatMM.xcassets */ = {isa = PBXFileReference; lastKnownFileType = folder.assetcatalog; path = NoChatMM.xcassets; sourceTree = "<group>"; };
		E01F7E801CFD67B1008D771F /* Message.swift */ = {isa = PBXFileReference; fileEncoding = 4; lastKnownFileType = sourcecode.swift; path = Message.swift; sourceTree = "<group>"; };
		E01F7E811CFD67B1008D771F /* MessageProtocol.swift */ = {isa = PBXFileReference; fileEncoding = 4; lastKnownFileType = sourcecode.swift; path = MessageProtocol.swift; sourceTree = "<group>"; };
		E01F7E861CFD6A97008D771F /* ChatItemDecorationAttributes.swift */ = {isa = PBXFileReference; fileEncoding = 4; lastKnownFileType = sourcecode.swift; path = ChatItemDecorationAttributes.swift; sourceTree = "<group>"; };
		E01F7E881CFD6AA5008D771F /* DateItem.swift */ = {isa = PBXFileReference; fileEncoding = 4; lastKnownFileType = sourcecode.swift; path = DateItem.swift; sourceTree = "<group>"; };
		E01F7E901CFD83E5008D771F /* ChatTextView.swift */ = {isa = PBXFileReference; fileEncoding = 4; lastKnownFileType = sourcecode.swift; path = ChatTextView.swift; sourceTree = "<group>"; };
		E01F7E931CFD83FE008D771F /* ColorLabel.swift */ = {isa = PBXFileReference; fileEncoding = 4; lastKnownFileType = sourcecode.swift; path = ColorLabel.swift; sourceTree = "<group>"; };
		E01F7E991CFD8461008D771F /* DateItemCollectionViewCell.swift */ = {isa = PBXFileReference; fileEncoding = 4; lastKnownFileType = sourcecode.swift; path = DateItemCollectionViewCell.swift; sourceTree = "<group>"; };
		E01F7E9B1CFD8473008D771F /* DateItemPresenter.swift */ = {isa = PBXFileReference; fileEncoding = 4; lastKnownFileType = sourcecode.swift; path = DateItemPresenter.swift; sourceTree = "<group>"; };
		E01F7E9C1CFD8473008D771F /* DateItemPresenterBuilder.swift */ = {isa = PBXFileReference; fileEncoding = 4; lastKnownFileType = sourcecode.swift; path = DateItemPresenterBuilder.swift; sourceTree = "<group>"; };
		E01F7EA01CFD89B7008D771F /* MessageCollectionViewCell.swift */ = {isa = PBXFileReference; fileEncoding = 4; lastKnownFileType = sourcecode.swift; path = MessageCollectionViewCell.swift; sourceTree = "<group>"; };
		E01F7EA21CFD89BE008D771F /* BubbleViewProtocol.swift */ = {isa = PBXFileReference; fileEncoding = 4; lastKnownFileType = sourcecode.swift; path = BubbleViewProtocol.swift; sourceTree = "<group>"; };
		E01F7EA31CFD89BE008D771F /* TextBubbleView.swift */ = {isa = PBXFileReference; fileEncoding = 4; lastKnownFileType = sourcecode.swift; path = TextBubbleView.swift; sourceTree = "<group>"; };
		E01F7EA71CFD8A28008D771F /* MessagePresenter.swift */ = {isa = PBXFileReference; fileEncoding = 4; lastKnownFileType = sourcecode.swift; path = MessagePresenter.swift; sourceTree = "<group>"; };
		E01F7EA81CFD8A28008D771F /* MessagePresenterBuilder.swift */ = {isa = PBXFileReference; fileEncoding = 4; lastKnownFileType = sourcecode.swift; path = MessagePresenterBuilder.swift; sourceTree = "<group>"; };
		E01F7EAB1CFD8A32008D771F /* MessageViewModel.swift */ = {isa = PBXFileReference; fileEncoding = 4; lastKnownFileType = sourcecode.swift; path = MessageViewModel.swift; sourceTree = "<group>"; };
		E01F7EAC1CFD8A32008D771F /* MessageViewModelProtocol.swift */ = {isa = PBXFileReference; fileEncoding = 4; lastKnownFileType = sourcecode.swift; path = MessageViewModelProtocol.swift; sourceTree = "<group>"; };
		E01F7EAD1CFD8A32008D771F /* TextMessageViewModel.swift */ = {isa = PBXFileReference; fileEncoding = 4; lastKnownFileType = sourcecode.swift; path = TextMessageViewModel.swift; sourceTree = "<group>"; };
/* End PBXFileReference section */

/* Begin PBXFrameworksBuildPhase section */
		E01F7E351CFD3791008D771F /* Frameworks */ = {
			isa = PBXFrameworksBuildPhase;
			buildActionMask = 2147483647;
			files = (
				E01F7E5C1CFD389B008D771F /* NoChat.framework in Frameworks */,
			);
			runOnlyForDeploymentPostprocessing = 0;
		};
/* End PBXFrameworksBuildPhase section */

/* Begin PBXGroup section */
		E01F7E2F1CFD3791008D771F = {
			isa = PBXGroup;
			children = (
				E01F7E531CFD3896008D771F /* NoChat.xcodeproj */,
				E01F7E441CFD37CF008D771F /* Source */,
				E01F7E3A1CFD3791008D771F /* Products */,
			);
			sourceTree = "<group>";
		};
		E01F7E3A1CFD3791008D771F /* Products */ = {
			isa = PBXGroup;
			children = (
				E01F7E391CFD3791008D771F /* NoChatMM.framework */,
			);
			name = Products;
			sourceTree = "<group>";
		};
		E01F7E441CFD37CF008D771F /* Source */ = {
			isa = PBXGroup;
			children = (
				E01F7E681CFD3D01008D771F /* Model */,
				E01F7E671CFD3CFC008D771F /* Views */,
				E01F7E661CFD3CF4008D771F /* ChatItems */,
				E01F7E651CFD3CE5008D771F /* ChatInputViewController */,
				E01F7E641CFD3CDE008D771F /* Utils */,
				E01F7E631CFD3CC9008D771F /* Supporting Files */,
			);
			path = Source;
			sourceTree = "<group>";
		};
		E01F7E541CFD3896008D771F /* Products */ = {
			isa = PBXGroup;
			children = (
				E01F7E591CFD3896008D771F /* NoChat.framework */,
				E01F7E5B1CFD3896008D771F /* Tests.xctest */,
			);
			name = Products;
			sourceTree = "<group>";
		};
		E01F7E631CFD3CC9008D771F /* Supporting Files */ = {
			isa = PBXGroup;
			children = (
				E01F7E451CFD37CF008D771F /* Info.plist */,
				E01F7E461CFD37CF008D771F /* NoChatMM.h */,
				E01F7E7C1CFD5EF5008D771F /* NoChatMM.xcassets */,
			);
			name = "Supporting Files";
			sourceTree = "<group>";
		};
		E01F7E641CFD3CDE008D771F /* Utils */ = {
			isa = PBXGroup;
			children = (
				E01F7E6E1CFD3E3B008D771F /* Observable.swift */,
				E01F7E6A1CFD3E3B008D771F /* ImageFactory.swift */,
				E01F7E6C1CFD3E3B008D771F /* KeyboardMan.swift */,
				E01F7E6F1CFD3E3B008D771F /* ThreadHelper.swift */,
				E01F7E691CFD3E3B008D771F /* ColorUtils.swift */,
				E01F7E6B1CFD3E3B008D771F /* ImageUtils.swift */,
				E01F7E6D1CFD3E3B008D771F /* ManualLayoutUtils.swift */,
			);
			name = Utils;
			sourceTree = "<group>";
		};
		E01F7E651CFD3CE5008D771F /* ChatInputViewController */ = {
			isa = PBXGroup;
			children = (
				E01F7E771CFD5D4D008D771F /* ChatInputViewController.swift */,
			);
			name = ChatInputViewController;
			sourceTree = "<group>";
		};
		E01F7E661CFD3CF4008D771F /* ChatItems */ = {
			isa = PBXGroup;
			children = (
				E01F7E841CFD6A3A008D771F /* DecorationAttributes */,
				E01F7E851CFD6A43008D771F /* DateItem */,
				E01F7E951CFD840C008D771F /* MessageItem */,
			);
			name = ChatItems;
			sourceTree = "<group>";
		};
		E01F7E671CFD3CFC008D771F /* Views */ = {
			isa = PBXGroup;
			children = (
				E01F7E961CFD8421008D771F /* Cells */,
				E01F7E921CFD83F7008D771F /* Label */,
				E01F7E791CFD5D60008D771F /* TextView */,
			);
			name = Views;
			sourceTree = "<group>";
		};
		E01F7E681CFD3D01008D771F /* Model */ = {
			isa = PBXGroup;
			children = (
				E01F7E811CFD67B1008D771F /* MessageProtocol.swift */,
				E01F7E801CFD67B1008D771F /* Message.swift */,
			);
			name = Model;
			sourceTree = "<group>";
		};
		E01F7E791CFD5D60008D771F /* TextView */ = {
			isa = PBXGroup;
			children = (
				E01F7E901CFD83E5008D771F /* ChatTextView.swift */,
				E01F7E7A1CFD5D7A008D771F /* GrowTextView.swift */,
			);
			name = TextView;
			sourceTree = "<group>";
		};
		E01F7E841CFD6A3A008D771F /* DecorationAttributes */ = {
			isa = PBXGroup;
			children = (
				E01F7E861CFD6A97008D771F /* ChatItemDecorationAttributes.swift */,
			);
			name = DecorationAttributes;
			sourceTree = "<group>";
		};
		E01F7E851CFD6A43008D771F /* DateItem */ = {
			isa = PBXGroup;
			children = (
				E01F7E881CFD6AA5008D771F /* DateItem.swift */,
				E01F7E9B1CFD8473008D771F /* DateItemPresenter.swift */,
				E01F7E9C1CFD8473008D771F /* DateItemPresenterBuilder.swift */,
			);
			name = DateItem;
			sourceTree = "<group>";
		};
		E01F7E921CFD83F7008D771F /* Label */ = {
			isa = PBXGroup;
			children = (
				E01F7E931CFD83FE008D771F /* ColorLabel.swift */,
			);
			name = Label;
			sourceTree = "<group>";
		};
		E01F7E951CFD840C008D771F /* MessageItem */ = {
			isa = PBXGroup;
			children = (
				E01F7EA71CFD8A28008D771F /* MessagePresenter.swift */,
				E01F7EA81CFD8A28008D771F /* MessagePresenterBuilder.swift */,
				E01F7EA61CFD89CF008D771F /* ViewModels */,
			);
			name = MessageItem;
			sourceTree = "<group>";
		};
		E01F7E961CFD8421008D771F /* Cells */ = {
			isa = PBXGroup;
			children = (
				E01F7E981CFD8444008D771F /* DateItemCollectionViewCell */,
				E01F7E971CFD843A008D771F /* MessageCollectionViewCell */,
			);
			name = Cells;
			sourceTree = "<group>";
		};
		E01F7E971CFD843A008D771F /* MessageCollectionViewCell */ = {
			isa = PBXGroup;
			children = (
				E01F7EA01CFD89B7008D771F /* MessageCollectionViewCell.swift */,
				E01F7E9F1CFD895C008D771F /* BubbleViews */,
			);
			name = MessageCollectionViewCell;
			sourceTree = "<group>";
		};
		E01F7E981CFD8444008D771F /* DateItemCollectionViewCell */ = {
			isa = PBXGroup;
			children = (
				E01F7E991CFD8461008D771F /* DateItemCollectionViewCell.swift */,
			);
			name = DateItemCollectionViewCell;
			sourceTree = "<group>";
		};
		E01F7E9F1CFD895C008D771F /* BubbleViews */ = {
			isa = PBXGroup;
			children = (
				E01F7EA21CFD89BE008D771F /* BubbleViewProtocol.swift */,
				E01F7EA31CFD89BE008D771F /* TextBubbleView.swift */,
			);
			name = BubbleViews;
			sourceTree = "<group>";
		};
		E01F7EA61CFD89CF008D771F /* ViewModels */ = {
			isa = PBXGroup;
			children = (
				E01F7EAC1CFD8A32008D771F /* MessageViewModelProtocol.swift */,
				E01F7EAB1CFD8A32008D771F /* MessageViewModel.swift */,
				E01F7EAD1CFD8A32008D771F /* TextMessageViewModel.swift */,
			);
			name = ViewModels;
			sourceTree = "<group>";
		};
/* End PBXGroup section */

/* Begin PBXHeadersBuildPhase section */
		E01F7E361CFD3791008D771F /* Headers */ = {
			isa = PBXHeadersBuildPhase;
			buildActionMask = 2147483647;
			files = (
				E01F7E481CFD37CF008D771F /* NoChatMM.h in Headers */,
			);
			runOnlyForDeploymentPostprocessing = 0;
		};
/* End PBXHeadersBuildPhase section */

/* Begin PBXNativeTarget section */
		E01F7E381CFD3791008D771F /* NoChatMM */ = {
			isa = PBXNativeTarget;
			buildConfigurationList = E01F7E411CFD3791008D771F /* Build configuration list for PBXNativeTarget "NoChatMM" */;
			buildPhases = (
				E01F7E341CFD3791008D771F /* Sources */,
				E01F7E351CFD3791008D771F /* Frameworks */,
				E01F7E361CFD3791008D771F /* Headers */,
				E01F7E371CFD3791008D771F /* Resources */,
			);
			buildRules = (
			);
			dependencies = (
			);
			name = NoChatMM;
			productName = NoChatMM;
			productReference = E01F7E391CFD3791008D771F /* NoChatMM.framework */;
			productType = "com.apple.product-type.framework";
		};
/* End PBXNativeTarget section */

/* Begin PBXProject section */
		E01F7E301CFD3791008D771F /* Project object */ = {
			isa = PBXProject;
			attributes = {
				LastUpgradeCheck = 0800;
				ORGANIZATIONNAME = little2s;
				TargetAttributes = {
					E01F7E381CFD3791008D771F = {
						CreatedOnToolsVersion = 7.3;
						LastSwiftMigration = 0800;
						ProvisioningStyle = Automatic;
					};
				};
			};
			buildConfigurationList = E01F7E331CFD3791008D771F /* Build configuration list for PBXProject "NoChatMM" */;
			compatibilityVersion = "Xcode 3.2";
			developmentRegion = English;
			hasScannedForEncodings = 0;
			knownRegions = (
				en,
			);
			mainGroup = E01F7E2F1CFD3791008D771F;
			productRefGroup = E01F7E3A1CFD3791008D771F /* Products */;
			projectDirPath = "";
			projectReferences = (
				{
					ProductGroup = E01F7E541CFD3896008D771F /* Products */;
					ProjectRef = E01F7E531CFD3896008D771F /* NoChat.xcodeproj */;
				},
			);
			projectRoot = "";
			targets = (
				E01F7E381CFD3791008D771F /* NoChatMM */,
			);
		};
/* End PBXProject section */

/* Begin PBXReferenceProxy section */
		E01F7E591CFD3896008D771F /* NoChat.framework */ = {
			isa = PBXReferenceProxy;
			fileType = wrapper.framework;
			path = NoChat.framework;
			remoteRef = E01F7E581CFD3896008D771F /* PBXContainerItemProxy */;
			sourceTree = BUILT_PRODUCTS_DIR;
		};
		E01F7E5B1CFD3896008D771F /* Tests.xctest */ = {
			isa = PBXReferenceProxy;
			fileType = wrapper.cfbundle;
			path = Tests.xctest;
			remoteRef = E01F7E5A1CFD3896008D771F /* PBXContainerItemProxy */;
			sourceTree = BUILT_PRODUCTS_DIR;
		};
/* End PBXReferenceProxy section */

/* Begin PBXResourcesBuildPhase section */
		E01F7E371CFD3791008D771F /* Resources */ = {
			isa = PBXResourcesBuildPhase;
			buildActionMask = 2147483647;
			files = (
				E01F7E7D1CFD5EF5008D771F /* NoChatMM.xcassets in Resources */,
			);
			runOnlyForDeploymentPostprocessing = 0;
		};
/* End PBXResourcesBuildPhase section */

/* Begin PBXSourcesBuildPhase section */
		E01F7E341CFD3791008D771F /* Sources */ = {
			isa = PBXSourcesBuildPhase;
			buildActionMask = 2147483647;
			files = (
				E01F7E741CFD3E3B008D771F /* ManualLayoutUtils.swift in Sources */,
				E01F7E711CFD3E3B008D771F /* ImageFactory.swift in Sources */,
				E01F7EA11CFD89B7008D771F /* MessageCollectionViewCell.swift in Sources */,
				E01F7E761CFD3E3B008D771F /* ThreadHelper.swift in Sources */,
				E01F7EA51CFD89BE008D771F /* TextBubbleView.swift in Sources */,
				E01F7EAA1CFD8A28008D771F /* MessagePresenterBuilder.swift in Sources */,
				E01F7E7B1CFD5D7A008D771F /* GrowTextView.swift in Sources */,
				E01F7E731CFD3E3B008D771F /* KeyboardMan.swift in Sources */,
				E01F7E701CFD3E3B008D771F /* ColorUtils.swift in Sources */,
				E01F7EAF1CFD8A32008D771F /* MessageViewModelProtocol.swift in Sources */,
				E01F7E751CFD3E3B008D771F /* Observable.swift in Sources */,
				E01F7EAE1CFD8A32008D771F /* MessageViewModel.swift in Sources */,
				E01F7E9D1CFD8473008D771F /* DateItemPresenter.swift in Sources */,
				E01F7E821CFD67B1008D771F /* Message.swift in Sources */,
				E01F7E831CFD67B1008D771F /* MessageProtocol.swift in Sources */,
				E01F7E721CFD3E3B008D771F /* ImageUtils.swift in Sources */,
				E01F7EA41CFD89BE008D771F /* BubbleViewProtocol.swift in Sources */,
				E01F7E891CFD6AA5008D771F /* DateItem.swift in Sources */,
				E01F7E911CFD83E5008D771F /* ChatTextView.swift in Sources */,
				E01F7E9E1CFD8473008D771F /* DateItemPresenterBuilder.swift in Sources */,
				E01F7E941CFD83FE008D771F /* ColorLabel.swift in Sources */,
				E01F7E781CFD5D4D008D771F /* ChatInputViewController.swift in Sources */,
				E01F7E9A1CFD8461008D771F /* DateItemCollectionViewCell.swift in Sources */,
				E01F7EA91CFD8A28008D771F /* MessagePresenter.swift in Sources */,
				E01F7E871CFD6A97008D771F /* ChatItemDecorationAttributes.swift in Sources */,
				E01F7EB01CFD8A32008D771F /* TextMessageViewModel.swift in Sources */,
			);
			runOnlyForDeploymentPostprocessing = 0;
		};
/* End PBXSourcesBuildPhase section */

/* Begin XCBuildConfiguration section */
		E01F7E3F1CFD3791008D771F /* Debug */ = {
			isa = XCBuildConfiguration;
			buildSettings = {
				ALWAYS_SEARCH_USER_PATHS = NO;
				CLANG_ANALYZER_NONNULL = YES;
				CLANG_CXX_LANGUAGE_STANDARD = "gnu++0x";
				CLANG_CXX_LIBRARY = "libc++";
				CLANG_ENABLE_MODULES = YES;
				CLANG_ENABLE_OBJC_ARC = YES;
				CLANG_WARN_BOOL_CONVERSION = YES;
				CLANG_WARN_CONSTANT_CONVERSION = YES;
				CLANG_WARN_DIRECT_OBJC_ISA_USAGE = YES_ERROR;
				CLANG_WARN_EMPTY_BODY = YES;
				CLANG_WARN_ENUM_CONVERSION = YES;
				CLANG_WARN_INFINITE_RECURSION = YES;
				CLANG_WARN_INT_CONVERSION = YES;
				CLANG_WARN_OBJC_ROOT_CLASS = YES_ERROR;
				CLANG_WARN_SUSPICIOUS_MOVE = YES;
				CLANG_WARN_UNREACHABLE_CODE = YES;
				CLANG_WARN__DUPLICATE_METHOD_MATCH = YES;
				"CODE_SIGN_IDENTITY[sdk=iphoneos*]" = "iPhone Developer";
				COPY_PHASE_STRIP = NO;
				CURRENT_PROJECT_VERSION = 1;
				DEBUG_INFORMATION_FORMAT = dwarf;
				ENABLE_STRICT_OBJC_MSGSEND = YES;
				ENABLE_TESTABILITY = YES;
				GCC_C_LANGUAGE_STANDARD = gnu99;
				GCC_DYNAMIC_NO_PIC = NO;
				GCC_NO_COMMON_BLOCKS = YES;
				GCC_OPTIMIZATION_LEVEL = 0;
				GCC_PREPROCESSOR_DEFINITIONS = (
					"DEBUG=1",
					"$(inherited)",
				);
				GCC_WARN_64_TO_32_BIT_CONVERSION = YES;
				GCC_WARN_ABOUT_RETURN_TYPE = YES_ERROR;
				GCC_WARN_UNDECLARED_SELECTOR = YES;
				GCC_WARN_UNINITIALIZED_AUTOS = YES_AGGRESSIVE;
				GCC_WARN_UNUSED_FUNCTION = YES;
				GCC_WARN_UNUSED_VARIABLE = YES;
				IPHONEOS_DEPLOYMENT_TARGET = 9.3;
				MTL_ENABLE_DEBUG_INFO = YES;
				ONLY_ACTIVE_ARCH = YES;
				SDKROOT = iphoneos;
				SWIFT_OPTIMIZATION_LEVEL = "-Onone";
				TARGETED_DEVICE_FAMILY = "1,2";
				VERSIONING_SYSTEM = "apple-generic";
				VERSION_INFO_PREFIX = "";
			};
			name = Debug;
		};
		E01F7E401CFD3791008D771F /* Release */ = {
			isa = XCBuildConfiguration;
			buildSettings = {
				ALWAYS_SEARCH_USER_PATHS = NO;
				CLANG_ANALYZER_NONNULL = YES;
				CLANG_CXX_LANGUAGE_STANDARD = "gnu++0x";
				CLANG_CXX_LIBRARY = "libc++";
				CLANG_ENABLE_MODULES = YES;
				CLANG_ENABLE_OBJC_ARC = YES;
				CLANG_WARN_BOOL_CONVERSION = YES;
				CLANG_WARN_CONSTANT_CONVERSION = YES;
				CLANG_WARN_DIRECT_OBJC_ISA_USAGE = YES_ERROR;
				CLANG_WARN_EMPTY_BODY = YES;
				CLANG_WARN_ENUM_CONVERSION = YES;
				CLANG_WARN_INFINITE_RECURSION = YES;
				CLANG_WARN_INT_CONVERSION = YES;
				CLANG_WARN_OBJC_ROOT_CLASS = YES_ERROR;
				CLANG_WARN_SUSPICIOUS_MOVE = YES;
				CLANG_WARN_UNREACHABLE_CODE = YES;
				CLANG_WARN__DUPLICATE_METHOD_MATCH = YES;
				"CODE_SIGN_IDENTITY[sdk=iphoneos*]" = "iPhone Developer";
				COPY_PHASE_STRIP = NO;
				CURRENT_PROJECT_VERSION = 1;
				DEBUG_INFORMATION_FORMAT = "dwarf-with-dsym";
				ENABLE_NS_ASSERTIONS = NO;
				ENABLE_STRICT_OBJC_MSGSEND = YES;
				GCC_C_LANGUAGE_STANDARD = gnu99;
				GCC_NO_COMMON_BLOCKS = YES;
				GCC_WARN_64_TO_32_BIT_CONVERSION = YES;
				GCC_WARN_ABOUT_RETURN_TYPE = YES_ERROR;
				GCC_WARN_UNDECLARED_SELECTOR = YES;
				GCC_WARN_UNINITIALIZED_AUTOS = YES_AGGRESSIVE;
				GCC_WARN_UNUSED_FUNCTION = YES;
				GCC_WARN_UNUSED_VARIABLE = YES;
				IPHONEOS_DEPLOYMENT_TARGET = 9.3;
				MTL_ENABLE_DEBUG_INFO = NO;
				SDKROOT = iphoneos;
				SWIFT_OPTIMIZATION_LEVEL = "-Owholemodule";
				TARGETED_DEVICE_FAMILY = "1,2";
				VALIDATE_PRODUCT = YES;
				VERSIONING_SYSTEM = "apple-generic";
				VERSION_INFO_PREFIX = "";
			};
			name = Release;
		};
		E01F7E421CFD3791008D771F /* Debug */ = {
			isa = XCBuildConfiguration;
			buildSettings = {
				CLANG_ENABLE_MODULES = YES;
				"CODE_SIGN_IDENTITY[sdk=iphoneos*]" = "iPhone Developer";
				DEFINES_MODULE = YES;
				DYLIB_COMPATIBILITY_VERSION = 1;
				DYLIB_CURRENT_VERSION = 1;
				DYLIB_INSTALL_NAME_BASE = "@rpath";
				INFOPLIST_FILE = "$(SRCROOT)/Source/Info.plist";
				INSTALL_PATH = "$(LOCAL_LIBRARY_DIR)/Frameworks";
				IPHONEOS_DEPLOYMENT_TARGET = 8.0;
				LD_RUNPATH_SEARCH_PATHS = "$(inherited) @executable_path/Frameworks @loader_path/Frameworks";
				PRODUCT_BUNDLE_IDENTIFIER = io.github.little2s.NoChatMM;
				PRODUCT_NAME = "$(TARGET_NAME)";
				SKIP_INSTALL = YES;
				SWIFT_OPTIMIZATION_LEVEL = "-Onone";
				SWIFT_VERSION = 3.0;
			};
			name = Debug;
		};
		E01F7E431CFD3791008D771F /* Release */ = {
			isa = XCBuildConfiguration;
			buildSettings = {
				CLANG_ENABLE_MODULES = YES;
				"CODE_SIGN_IDENTITY[sdk=iphoneos*]" = "iPhone Developer";
				DEFINES_MODULE = YES;
				DYLIB_COMPATIBILITY_VERSION = 1;
				DYLIB_CURRENT_VERSION = 1;
				DYLIB_INSTALL_NAME_BASE = "@rpath";
				INFOPLIST_FILE = "$(SRCROOT)/Source/Info.plist";
				INSTALL_PATH = "$(LOCAL_LIBRARY_DIR)/Frameworks";
				IPHONEOS_DEPLOYMENT_TARGET = 8.0;
				LD_RUNPATH_SEARCH_PATHS = "$(inherited) @executable_path/Frameworks @loader_path/Frameworks";
				PRODUCT_BUNDLE_IDENTIFIER = io.github.little2s.NoChatMM;
				PRODUCT_NAME = "$(TARGET_NAME)";
				SKIP_INSTALL = YES;
				SWIFT_VERSION = 3.0;
			};
			name = Release;
		};
/* End XCBuildConfiguration section */

/* Begin XCConfigurationList section */
		E01F7E331CFD3791008D771F /* Build configuration list for PBXProject "NoChatMM" */ = {
			isa = XCConfigurationList;
			buildConfigurations = (
				E01F7E3F1CFD3791008D771F /* Debug */,
				E01F7E401CFD3791008D771F /* Release */,
			);
			defaultConfigurationIsVisible = 0;
			defaultConfigurationName = Release;
		};
		E01F7E411CFD3791008D771F /* Build configuration list for PBXNativeTarget "NoChatMM" */ = {
			isa = XCConfigurationList;
			buildConfigurations = (
				E01F7E421CFD3791008D771F /* Debug */,
				E01F7E431CFD3791008D771F /* Release */,
			);
			defaultConfigurationIsVisible = 0;
			defaultConfigurationName = Release;
		};
/* End XCConfigurationList section */
	};
	rootObject = E01F7E301CFD3791008D771F /* Project object */;
}
