PODS:
  - LoremIpsum (1.0.0)
  - Minimal (0.3.0):
    - NoChat (~> 0.3)
  - NoChat (0.3.0)

DEPENDENCIES:
  - LoremIpsum
  - Minimal (from `../../`)
  - NoChat (from `../../`)

EXTERNAL SOURCES:
  Minimal:
    :path: "../../"
  NoChat:
    :path: "../../"

SPEC CHECKSUMS:
  LoremIpsum: 9029c55d36501b2ee0b05cc9ecda11d3a0479160
  Minimal: '028f6ab16ea069ea5df8f0c69c6c9f6b523d4088'
  NoChat: dcf284bca854ff105335ef652f55706a57e31671

PODFILE CHECKSUM: a2e477a4d1f5ed03a0ed54fce42eb640a9bf2684

COCOAPODS: 1.2.0.beta.1
