PODS:
  - HPGrowingTextView (1.1)
  - NoChat (0.3.0)
  - NOCProtoKit (0.3.0)
  - YYText (1.0.7)

DEPENDENCIES:
  - HPGrowingTextView
  - NoChat (from `../../`)
  - NOCProtoKit (from `../`)
  - YYText

EXTERNAL SOURCES:
  NoChat:
    :path: "../../"
  NOCProtoKit:
    :path: "../"

SPEC CHECKSUMS:
  HPGrowingTextView: 88a716d97fb853bcb08a4a08e4727da17efc9b19
  NoChat: dcf284bca854ff105335ef652f55706a57e31671
  NOCProtoKit: 053fd23bbbd1a1019522ada11112f61244908229
  YYText: 5c461d709e24d55a182d1441c41dc639a18a4849

PODFILE CHECKSUM: dedd2342d07b4ffed9fffa0fadb2f5447ac830a0

COCOAPODS: 1.2.0.beta.1
